// !$*UTF8*$!
{
	archiveVersion = 1;
	classes = {
	};
	objectVersion = 46;
	objects = {

/* Begin PBXBuildFile section */
		9E1389B91E2B08390011701B /* main.m in Sources */ = {isa = PBXBuildFile; fileRef = 9E1389B81E2B08390011701B /* main.m */; };
		9E1389C41E2B08390011701B /* Assets.xcassets in Resources */ = {isa = PBXBuildFile; fileRef = 9E1389C31E2B08390011701B /* Assets.xcassets */; };
		9E1389C71E2B08390011701B /* LaunchScreen.storyboard in Resources */ = {isa = PBXBuildFile; fileRef = 9E1389C51E2B08390011701B /* LaunchScreen.storyboard */; };
		9E1389DA1E2B0EB00011701B /* CYCAppDelegate.m in Sources */ = {isa = PBXBuildFile; fileRef = 9E1389D91E2B0EB00011701B /* CYCAppDelegate.m */; };
		9E1389DD1E2B101F0011701B /* CYCTabBarController.m in Sources */ = {isa = PBXBuildFile; fileRef = 9E1389DC1E2B101F0011701B /* CYCTabBarController.m */; };
		9E1389F41E2B11D00011701B /* GamerController.m in Sources */ = {isa = PBXBuildFile; fileRef = 9E1389F31E2B11D00011701B /* GamerController.m */; };
		9E1389F71E2B11E00011701B /* ZonerController.m in Sources */ = {isa = PBXBuildFile; fileRef = 9E1389F61E2B11E00011701B /* ZonerController.m */; };
		9E1389FA1E2B11F10011701B /* HomerController.m in Sources */ = {isa = PBXBuildFile; fileRef = 9E1389F91E2B11F10011701B /* HomerController.m */; };
		9E1389FD1E2B12000011701B /* DiscoverController.m in Sources */ = {isa = PBXBuildFile; fileRef = 9E1389FC1E2B12000011701B /* DiscoverController.m */; };
		9E138A001E2B120E0011701B /* SettingerController.m in Sources */ = {isa = PBXBuildFile; fileRef = 9E1389FF1E2B120E0011701B /* SettingerController.m */; };
		9E138A121E2B1DDF0011701B /* icon_tab_discover.png in Resources */ = {isa = PBXBuildFile; fileRef = 9E138A031E2B1DDF0011701B /* icon_tab_discover.png */; };
		9E138A131E2B1DDF0011701B /* icon_tab_discover@2x.png in Resources */ = {isa = PBXBuildFile; fileRef = 9E138A041E2B1DDF0011701B /* icon_tab_discover@2x.png */; };
		9E138A141E2B1DDF0011701B /* icon_tab_discover@3x.png in Resources */ = {isa = PBXBuildFile; fileRef = 9E138A051E2B1DDF0011701B /* icon_tab_discover@3x.png */; };
		9E138A151E2B1DDF0011701B /* icon_tab_gamer.png in Resources */ = {isa = PBXBuildFile; fileRef = 9E138A061E2B1DDF0011701B /* icon_tab_gamer.png */; };
		9E138A161E2B1DDF0011701B /* icon_tab_gamer@2x.png in Resources */ = {isa = PBXBuildFile; fileRef = 9E138A071E2B1DDF0011701B /* icon_tab_gamer@2x.png */; };
		9E138A171E2B1DDF0011701B /* icon_tab_gamer@3x.png in Resources */ = {isa = PBXBuildFile; fileRef = 9E138A081E2B1DDF0011701B /* icon_tab_gamer@3x.png */; };
		9E138A181E2B1DDF0011701B /* icon_tab_homer.png in Resources */ = {isa = PBXBuildFile; fileRef = 9E138A091E2B1DDF0011701B /* icon_tab_homer.png */; };
		9E138A191E2B1DDF0011701B /* icon_tab_homer@2x.png in Resources */ = {isa = PBXBuildFile; fileRef = 9E138A0A1E2B1DDF0011701B /* icon_tab_homer@2x.png */; };
		9E138A1A1E2B1DDF0011701B /* icon_tab_homer@3x.png in Resources */ = {isa = PBXBuildFile; fileRef = 9E138A0B1E2B1DDF0011701B /* icon_tab_homer@3x.png */; };
		9E138A1B1E2B1DDF0011701B /* icon_tab_settinger.png in Resources */ = {isa = PBXBuildFile; fileRef = 9E138A0C1E2B1DDF0011701B /* icon_tab_settinger.png */; };
		9E138A1C1E2B1DDF0011701B /* icon_tab_settinger@2x.png in Resources */ = {isa = PBXBuildFile; fileRef = 9E138A0D1E2B1DDF0011701B /* icon_tab_settinger@2x.png */; };
		9E138A1D1E2B1DDF0011701B /* icon_tab_settinger@3x.png in Resources */ = {isa = PBXBuildFile; fileRef = 9E138A0E1E2B1DDF0011701B /* icon_tab_settinger@3x.png */; };
		9E138A2F1E2B375E0011701B /* Icon-60.png in Resources */ = {isa = PBXBuildFile; fileRef = 9E138A261E2B375E0011701B /* Icon-60.png */; };
		9E138A301E2B375E0011701B /* Icon-60@2x.png in Resources */ = {isa = PBXBuildFile; fileRef = 9E138A271E2B375E0011701B /* Icon-60@2x.png */; };
		9E138A311E2B375E0011701B /* Icon-60@3x.png in Resources */ = {isa = PBXBuildFile; fileRef = 9E138A281E2B375E0011701B /* Icon-60@3x.png */; };
		9E138A321E2B375E0011701B /* Icon-Small.png in Resources */ = {isa = PBXBuildFile; fileRef = 9E138A291E2B375E0011701B /* Icon-Small.png */; };
		9E138A331E2B375E0011701B /* Icon-Small@2x.png in Resources */ = {isa = PBXBuildFile; fileRef = 9E138A2A1E2B375E0011701B /* Icon-Small@2x.png */; };
		9E138A341E2B375E0011701B /* Icon-Small@3x.png in Resources */ = {isa = PBXBuildFile; fileRef = 9E138A2B1E2B375E0011701B /* Icon-Small@3x.png */; };
		9E138A351E2B375E0011701B /* Icon-Spotlight-40.png in Resources */ = {isa = PBXBuildFile; fileRef = 9E138A2C1E2B375E0011701B /* Icon-Spotlight-40.png */; };
		9E138A361E2B375E0011701B /* Icon-Spotlight-40@2x.png in Resources */ = {isa = PBXBuildFile; fileRef = 9E138A2D1E2B375E0011701B /* Icon-Spotlight-40@2x.png */; };
		9E138A371E2B375E0011701B /* Icon-Spotlight-40@3x.png in Resources */ = {isa = PBXBuildFile; fileRef = 9E138A2E1E2B375E0011701B /* Icon-Spotlight-40@3x.png */; };
		9EA44A8E1E2DF3FF00F7761D /* home_tab_icon_1.png in Resources */ = {isa = PBXBuildFile; fileRef = 9EA44A841E2DF3FF00F7761D /* home_tab_icon_1.png */; };
		9EA44A8F1E2DF3FF00F7761D /* home_tab_icon_1@2x.png in Resources */ = {isa = PBXBuildFile; fileRef = 9EA44A851E2DF3FF00F7761D /* home_tab_icon_1@2x.png */; };
		9EA44A901E2DF3FF00F7761D /* home_tab_icon_2.png in Resources */ = {isa = PBXBuildFile; fileRef = 9EA44A861E2DF3FF00F7761D /* home_tab_icon_2.png */; };
		9EA44A911E2DF3FF00F7761D /* home_tab_icon_2@2x.png in Resources */ = {isa = PBXBuildFile; fileRef = 9EA44A871E2DF3FF00F7761D /* home_tab_icon_2@2x.png */; };
		9EA44A921E2DF3FF00F7761D /* home_tab_icon_3.png in Resources */ = {isa = PBXBuildFile; fileRef = 9EA44A881E2DF3FF00F7761D /* home_tab_icon_3.png */; };
		9EA44A931E2DF3FF00F7761D /* home_tab_icon_3@2x.png in Resources */ = {isa = PBXBuildFile; fileRef = 9EA44A891E2DF3FF00F7761D /* home_tab_icon_3@2x.png */; };
		9EA44A941E2DF3FF00F7761D /* home_tab_icon_4.png in Resources */ = {isa = PBXBuildFile; fileRef = 9EA44A8A1E2DF3FF00F7761D /* home_tab_icon_4.png */; };
		9EA44A951E2DF3FF00F7761D /* home_tab_icon_4@2x.png in Resources */ = {isa = PBXBuildFile; fileRef = 9EA44A8B1E2DF3FF00F7761D /* home_tab_icon_4@2x.png */; };
		9EA44A961E2DF3FF00F7761D /* home_tab_icon_5.png in Resources */ = {isa = PBXBuildFile; fileRef = 9EA44A8C1E2DF3FF00F7761D /* home_tab_icon_5.png */; };
		9EA44A971E2DF3FF00F7761D /* home_tab_icon_5@2x.png in Resources */ = {isa = PBXBuildFile; fileRef = 9EA44A8D1E2DF3FF00F7761D /* home_tab_icon_5@2x.png */; };
		9EA44A9A1E2DF67200F7761D /* home_bottom_tab_arrow.png in Resources */ = {isa = PBXBuildFile; fileRef = 9EA44A981E2DF67200F7761D /* home_bottom_tab_arrow.png */; };
		9EA44A9B1E2DF67200F7761D /* home_bottom_tab_arrow@2x.png in Resources */ = {isa = PBXBuildFile; fileRef = 9EA44A991E2DF67200F7761D /* home_bottom_tab_arrow@2x.png */; };
		9EA44AB01E2E11CD00F7761D /* AFHTTPRequestOperation.m in Sources */ = {isa = PBXBuildFile; fileRef = 9EA44A9E1E2E11CD00F7761D /* AFHTTPRequestOperation.m */; };
		9EA44AB11E2E11CD00F7761D /* AFHTTPRequestOperationManager.m in Sources */ = {isa = PBXBuildFile; fileRef = 9EA44AA01E2E11CD00F7761D /* AFHTTPRequestOperationManager.m */; };
		9EA44AB21E2E11CD00F7761D /* AFHTTPSessionManager.m in Sources */ = {isa = PBXBuildFile; fileRef = 9EA44AA21E2E11CD00F7761D /* AFHTTPSessionManager.m */; };
		9EA44AB31E2E11CD00F7761D /* AFNetworkReachabilityManager.m in Sources */ = {isa = PBXBuildFile; fileRef = 9EA44AA51E2E11CD00F7761D /* AFNetworkReachabilityManager.m */; };
		9EA44AB41E2E11CD00F7761D /* AFSecurityPolicy.m in Sources */ = {isa = PBXBuildFile; fileRef = 9EA44AA71E2E11CD00F7761D /* AFSecurityPolicy.m */; };
		9EA44AB51E2E11CD00F7761D /* AFURLConnectionOperation.m in Sources */ = {isa = PBXBuildFile; fileRef = 9EA44AA91E2E11CD00F7761D /* AFURLConnectionOperation.m */; };
		9EA44AB61E2E11CD00F7761D /* AFURLRequestSerialization.m in Sources */ = {isa = PBXBuildFile; fileRef = 9EA44AAB1E2E11CD00F7761D /* AFURLRequestSerialization.m */; };
		9EA44AB71E2E11CD00F7761D /* AFURLResponseSerialization.m in Sources */ = {isa = PBXBuildFile; fileRef = 9EA44AAD1E2E11CD00F7761D /* AFURLResponseSerialization.m */; };
		9EA44AB81E2E11CD00F7761D /* AFURLSessionManager.m in Sources */ = {isa = PBXBuildFile; fileRef = 9EA44AAF1E2E11CD00F7761D /* AFURLSessionManager.m */; };
		9EA44ABB1E2E121300F7761D /* CNetWorking.m in Sources */ = {isa = PBXBuildFile; fileRef = 9EA44ABA1E2E121300F7761D /* CNetWorking.m */; };
		9EA44AE81E2E24BC00F7761D /* 0.png in Resources */ = {isa = PBXBuildFile; fileRef = 9EA44AC01E2E24BC00F7761D /* 0.png */; };
		9EA44AE91E2E24BC00F7761D /* 1.png in Resources */ = {isa = PBXBuildFile; fileRef = 9EA44AC11E2E24BC00F7761D /* 1.png */; };
		9EA44AEA1E2E24BC00F7761D /* 10.png in Resources */ = {isa = PBXBuildFile; fileRef = 9EA44AC21E2E24BC00F7761D /* 10.png */; };
		9EA44AEB1E2E24BC00F7761D /* 11.png in Resources */ = {isa = PBXBuildFile; fileRef = 9EA44AC31E2E24BC00F7761D /* 11.png */; };
		9EA44AEC1E2E24BC00F7761D /* 12.png in Resources */ = {isa = PBXBuildFile; fileRef = 9EA44AC41E2E24BC00F7761D /* 12.png */; };
		9EA44AED1E2E24BC00F7761D /* 13.png in Resources */ = {isa = PBXBuildFile; fileRef = 9EA44AC51E2E24BC00F7761D /* 13.png */; };
		9EA44AEE1E2E24BC00F7761D /* 14.png in Resources */ = {isa = PBXBuildFile; fileRef = 9EA44AC61E2E24BC00F7761D /* 14.png */; };
		9EA44AEF1E2E24BC00F7761D /* 15.png in Resources */ = {isa = PBXBuildFile; fileRef = 9EA44AC71E2E24BC00F7761D /* 15.png */; };
		9EA44AF01E2E24BC00F7761D /* 16.png in Resources */ = {isa = PBXBuildFile; fileRef = 9EA44AC81E2E24BC00F7761D /* 16.png */; };
		9EA44AF11E2E24BC00F7761D /* 17.png in Resources */ = {isa = PBXBuildFile; fileRef = 9EA44AC91E2E24BC00F7761D /* 17.png */; };
		9EA44AF21E2E24BC00F7761D /* 18.png in Resources */ = {isa = PBXBuildFile; fileRef = 9EA44ACA1E2E24BC00F7761D /* 18.png */; };
		9EA44AF31E2E24BC00F7761D /* 19.png in Resources */ = {isa = PBXBuildFile; fileRef = 9EA44ACB1E2E24BC00F7761D /* 19.png */; };
		9EA44AF41E2E24BC00F7761D /* 2.png in Resources */ = {isa = PBXBuildFile; fileRef = 9EA44ACC1E2E24BC00F7761D /* 2.png */; };
		9EA44AF51E2E24BC00F7761D /* 20.png in Resources */ = {isa = PBXBuildFile; fileRef = 9EA44ACD1E2E24BC00F7761D /* 20.png */; };
		9EA44AF61E2E24BC00F7761D /* 21.png in Resources */ = {isa = PBXBuildFile; fileRef = 9EA44ACE1E2E24BC00F7761D /* 21.png */; };
		9EA44AF71E2E24BC00F7761D /* 22.png in Resources */ = {isa = PBXBuildFile; fileRef = 9EA44ACF1E2E24BC00F7761D /* 22.png */; };
		9EA44AF81E2E24BC00F7761D /* 23.png in Resources */ = {isa = PBXBuildFile; fileRef = 9EA44AD01E2E24BC00F7761D /* 23.png */; };
		9EA44AF91E2E24BC00F7761D /* 24.png in Resources */ = {isa = PBXBuildFile; fileRef = 9EA44AD11E2E24BC00F7761D /* 24.png */; };
		9EA44AFA1E2E24BC00F7761D /* 25.png in Resources */ = {isa = PBXBuildFile; fileRef = 9EA44AD21E2E24BC00F7761D /* 25.png */; };
		9EA44AFB1E2E24BC00F7761D /* 26.png in Resources */ = {isa = PBXBuildFile; fileRef = 9EA44AD31E2E24BC00F7761D /* 26.png */; };
		9EA44AFC1E2E24BC00F7761D /* 27.png in Resources */ = {isa = PBXBuildFile; fileRef = 9EA44AD41E2E24BC00F7761D /* 27.png */; };
		9EA44AFD1E2E24BC00F7761D /* 28.png in Resources */ = {isa = PBXBuildFile; fileRef = 9EA44AD51E2E24BC00F7761D /* 28.png */; };
		9EA44AFE1E2E24BC00F7761D /* 29.png in Resources */ = {isa = PBXBuildFile; fileRef = 9EA44AD61E2E24BC00F7761D /* 29.png */; };
		9EA44AFF1E2E24BC00F7761D /* 3.png in Resources */ = {isa = PBXBuildFile; fileRef = 9EA44AD71E2E24BC00F7761D /* 3.png */; };
		9EA44B001E2E24BC00F7761D /* 30.png in Resources */ = {isa = PBXBuildFile; fileRef = 9EA44AD81E2E24BC00F7761D /* 30.png */; };
		9EA44B011E2E24BD00F7761D /* 31.png in Resources */ = {isa = PBXBuildFile; fileRef = 9EA44AD91E2E24BC00F7761D /* 31.png */; };
		9EA44B021E2E24BD00F7761D /* 32.png in Resources */ = {isa = PBXBuildFile; fileRef = 9EA44ADA1E2E24BC00F7761D /* 32.png */; };
		9EA44B031E2E24BD00F7761D /* 33.png in Resources */ = {isa = PBXBuildFile; fileRef = 9EA44ADB1E2E24BC00F7761D /* 33.png */; };
		9EA44B041E2E24BD00F7761D /* 34.png in Resources */ = {isa = PBXBuildFile; fileRef = 9EA44ADC1E2E24BC00F7761D /* 34.png */; };
		9EA44B051E2E24BD00F7761D /* 35.png in Resources */ = {isa = PBXBuildFile; fileRef = 9EA44ADD1E2E24BC00F7761D /* 35.png */; };
		9EA44B061E2E24BD00F7761D /* 36.png in Resources */ = {isa = PBXBuildFile; fileRef = 9EA44ADE1E2E24BC00F7761D /* 36.png */; };
		9EA44B071E2E24BD00F7761D /* 37.png in Resources */ = {isa = PBXBuildFile; fileRef = 9EA44ADF1E2E24BC00F7761D /* 37.png */; };
		9EA44B081E2E24BD00F7761D /* 38.png in Resources */ = {isa = PBXBuildFile; fileRef = 9EA44AE01E2E24BC00F7761D /* 38.png */; };
		9EA44B091E2E24BD00F7761D /* 4.png in Resources */ = {isa = PBXBuildFile; fileRef = 9EA44AE11E2E24BC00F7761D /* 4.png */; };
		9EA44B0A1E2E24BD00F7761D /* 5.png in Resources */ = {isa = PBXBuildFile; fileRef = 9EA44AE21E2E24BC00F7761D /* 5.png */; };
		9EA44B0B1E2E24BD00F7761D /* 6.png in Resources */ = {isa = PBXBuildFile; fileRef = 9EA44AE31E2E24BC00F7761D /* 6.png */; };
		9EA44B0C1E2E24BD00F7761D /* 7.png in Resources */ = {isa = PBXBuildFile; fileRef = 9EA44AE41E2E24BC00F7761D /* 7.png */; };
		9EA44B0D1E2E24BD00F7761D /* 8.png in Resources */ = {isa = PBXBuildFile; fileRef = 9EA44AE51E2E24BC00F7761D /* 8.png */; };
		9EA44B0E1E2E24BD00F7761D /* 9.png in Resources */ = {isa = PBXBuildFile; fileRef = 9EA44AE61E2E24BC00F7761D /* 9.png */; };
		9EA44B0F1E2E24BD00F7761D /* 99.png in Resources */ = {isa = PBXBuildFile; fileRef = 9EA44AE71E2E24BC00F7761D /* 99.png */; };
		9EA44B121E2E39E900F7761D /* ThemeManager.m in Sources */ = {isa = PBXBuildFile; fileRef = 9EA44B111E2E39E900F7761D /* ThemeManager.m */; };
		9EA44B151E2E425A00F7761D /* CThemeLabel.m in Sources */ = {isa = PBXBuildFile; fileRef = 9EA44B141E2E425A00F7761D /* CThemeLabel.m */; };
		9EA44B181E2E426B00F7761D /* CThemeButton.m in Sources */ = {isa = PBXBuildFile; fileRef = 9EA44B171E2E426B00F7761D /* CThemeButton.m */; };
		9EA44B251E2E6FBD00F7761D /* CYCLeftController.m in Sources */ = {isa = PBXBuildFile; fileRef = 9EA44B1E1E2E6FBD00F7761D /* CYCLeftController.m */; };
		9EA44B261E2E6FBD00F7761D /* WeatherModel.m in Sources */ = {isa = PBXBuildFile; fileRef = 9EA44B211E2E6FBD00F7761D /* WeatherModel.m */; };
		9EA44B271E2E6FBD00F7761D /* CLeftCtrlCell.m in Sources */ = {isa = PBXBuildFile; fileRef = 9EA44B241E2E6FBD00F7761D /* CLeftCtrlCell.m */; };
		9EA44B2A1E2E708300F7761D /* WeatherController.m in Sources */ = {isa = PBXBuildFile; fileRef = 9EA44B291E2E708300F7761D /* WeatherController.m */; };
		9EA44B301E2E758900F7761D /* 37x-Checkmark.png in Resources */ = {isa = PBXBuildFile; fileRef = 9EA44B2C1E2E758900F7761D /* 37x-Checkmark.png */; };
		9EA44B311E2E758900F7761D /* 37x-Checkmark@2x.png in Resources */ = {isa = PBXBuildFile; fileRef = 9EA44B2D1E2E758900F7761D /* 37x-Checkmark@2x.png */; };
		9EA44B321E2E758900F7761D /* MBProgressHUD.m in Sources */ = {isa = PBXBuildFile; fileRef = 9EA44B2F1E2E758900F7761D /* MBProgressHUD.m */; };
		9EF53CE21E2BBE6500F55033 /* MMDrawerBarButtonItem.m in Sources */ = {isa = PBXBuildFile; fileRef = 9EF53CDA1E2BBE6500F55033 /* MMDrawerBarButtonItem.m */; };
		9EF53CE31E2BBE6500F55033 /* MMDrawerController.m in Sources */ = {isa = PBXBuildFile; fileRef = 9EF53CDD1E2BBE6500F55033 /* MMDrawerController.m */; };
		9EF53CE41E2BBE6500F55033 /* MMDrawerVisualState.m in Sources */ = {isa = PBXBuildFile; fileRef = 9EF53CDF1E2BBE6500F55033 /* MMDrawerVisualState.m */; };
		9EF53CE51E2BBE6500F55033 /* UIViewController+MMDrawerController.m in Sources */ = {isa = PBXBuildFile; fileRef = 9EF53CE11E2BBE6500F55033 /* UIViewController+MMDrawerController.m */; };
		9EF53CF81E2BD2E300F55033 /* image_leftControllerHeadImage@2x.png in Resources */ = {isa = PBXBuildFile; fileRef = 9EF53CF61E2BD2E300F55033 /* image_leftControllerHeadImage@2x.png */; };
		9EF53CF91E2BD2E300F55033 /* image_leftControllerHeadImage@3x.png in Resources */ = {isa = PBXBuildFile; fileRef = 9EF53CF71E2BD2E300F55033 /* image_leftControllerHeadImage@3x.png */; };
		9EF53D081E2BDE2000F55033 /* icon_leftCtrl_feedBack.png in Resources */ = {isa = PBXBuildFile; fileRef = 9EF53CFC1E2BDE2000F55033 /* icon_leftCtrl_feedBack.png */; };
		9EF53D091E2BDE2000F55033 /* icon_leftCtrl_feedBack@2x.png in Resources */ = {isa = PBXBuildFile; fileRef = 9EF53CFD1E2BDE2000F55033 /* icon_leftCtrl_feedBack@2x.png */; };
		9EF53D0A1E2BDE2000F55033 /* icon_leftCtrl_feedBack@3x.png in Resources */ = {isa = PBXBuildFile; fileRef = 9EF53CFE1E2BDE2000F55033 /* icon_leftCtrl_feedBack@3x.png */; };
		9EF53D0B1E2BDE2000F55033 /* icon_leftCtrl_function.png in Resources */ = {isa = PBXBuildFile; fileRef = 9EF53CFF1E2BDE2000F55033 /* icon_leftCtrl_function.png */; };
		9EF53D0C1E2BDE2000F55033 /* icon_leftCtrl_function@2x.png in Resources */ = {isa = PBXBuildFile; fileRef = 9EF53D001E2BDE2000F55033 /* icon_leftCtrl_function@2x.png */; };
		9EF53D0D1E2BDE2000F55033 /* icon_leftCtrl_function@3x.png in Resources */ = {isa = PBXBuildFile; fileRef = 9EF53D011E2BDE2000F55033 /* icon_leftCtrl_function@3x.png */; };
		9EF53D0E1E2BDE2000F55033 /* icon_leftCtrl_Third.png in Resources */ = {isa = PBXBuildFile; fileRef = 9EF53D021E2BDE2000F55033 /* icon_leftCtrl_Third.png */; };
		9EF53D0F1E2BDE2000F55033 /* icon_leftCtrl_Third@2x.png in Resources */ = {isa = PBXBuildFile; fileRef = 9EF53D031E2BDE2000F55033 /* icon_leftCtrl_Third@2x.png */; };
		9EF53D101E2BDE2000F55033 /* icon_leftCtrl_Third@3x.png in Resources */ = {isa = PBXBuildFile; fileRef = 9EF53D041E2BDE2000F55033 /* icon_leftCtrl_Third@3x.png */; };
		9EF53D111E2BDE2000F55033 /* icon_leftCtrl_user.png in Resources */ = {isa = PBXBuildFile; fileRef = 9EF53D051E2BDE2000F55033 /* icon_leftCtrl_user.png */; };
		9EF53D121E2BDE2000F55033 /* icon_leftCtrl_user@2x.png in Resources */ = {isa = PBXBuildFile; fileRef = 9EF53D061E2BDE2000F55033 /* icon_leftCtrl_user@2x.png */; };
		9EF53D131E2BDE2000F55033 /* icon_leftCtrl_user@3x.png in Resources */ = {isa = PBXBuildFile; fileRef = 9EF53D071E2BDE2000F55033 /* icon_leftCtrl_user@3x.png */; };
		9EF9EC101E2C89D30030023B /* icon_leftController_day.png in Resources */ = {isa = PBXBuildFile; fileRef = 9EF9EBFF1E2C7A040030023B /* icon_leftController_day.png */; };
		9EF9EC111E2C89D30030023B /* icon_leftController_day@2x.png in Resources */ = {isa = PBXBuildFile; fileRef = 9EF9EC001E2C7A040030023B /* icon_leftController_day@2x.png */; };
		9EF9EC121E2C89D30030023B /* icon_leftController_day@3x.png in Resources */ = {isa = PBXBuildFile; fileRef = 9EF9EC011E2C7A040030023B /* icon_leftController_day@3x.png */; };
		9EF9EC131E2C89D30030023B /* icon_leftController_night.png in Resources */ = {isa = PBXBuildFile; fileRef = 9EF9EC021E2C7A040030023B /* icon_leftController_night.png */; };
		9EF9EC141E2C89D30030023B /* icon_leftController_night@2x.png in Resources */ = {isa = PBXBuildFile; fileRef = 9EF9EC031E2C7A040030023B /* icon_leftController_night@2x.png */; };
		9EF9EC151E2C89D30030023B /* icon_leftController_night@3x.png in Resources */ = {isa = PBXBuildFile; fileRef = 9EF9EC041E2C7A040030023B /* icon_leftController_night@3x.png */; };
		9EF9EC161E2C8A8E0030023B /* icon_tab_zoner.png in Resources */ = {isa = PBXBuildFile; fileRef = 9E138A0F1E2B1DDF0011701B /* icon_tab_zoner.png */; };
		9EF9EC171E2C8A8E0030023B /* icon_tab_zoner@2x.png in Resources */ = {isa = PBXBuildFile; fileRef = 9E138A101E2B1DDF0011701B /* icon_tab_zoner@2x.png */; };
		9EF9EC181E2C8A8E0030023B /* icon_tab_zoner@3x.png in Resources */ = {isa = PBXBuildFile; fileRef = 9E138A111E2B1DDF0011701B /* icon_tab_zoner@3x.png */; };
		9EF9EC1F1E2CD01A0030023B /* icon_tab_Bar@2x.png in Resources */ = {isa = PBXBuildFile; fileRef = 9EF9EC1D1E2CD01A0030023B /* icon_tab_Bar@2x.png */; };
		9EF9EC201E2CD01A0030023B /* icon_tab_Bar@3x.png in Resources */ = {isa = PBXBuildFile; fileRef = 9EF9EC1E1E2CD01A0030023B /* icon_tab_Bar@3x.png */; };
/* End PBXBuildFile section */

/* Begin PBXFileReference section */
		9E1389B41E2B08390011701B /* LittleAppOC.app */ = {isa = PBXFileReference; explicitFileType = wrapper.application; includeInIndex = 0; path = LittleAppOC.app; sourceTree = BUILT_PRODUCTS_DIR; };
		9E1389B81E2B08390011701B /* main.m */ = {isa = PBXFileReference; lastKnownFileType = sourcecode.c.objc; path = main.m; sourceTree = "<group>"; };
		9E1389C31E2B08390011701B /* Assets.xcassets */ = {isa = PBXFileReference; lastKnownFileType = folder.assetcatalog; path = Assets.xcassets; sourceTree = "<group>"; };
		9E1389C61E2B08390011701B /* Base */ = {isa = PBXFileReference; lastKnownFileType = file.storyboard; name = Base; path = Base.lproj/LaunchScreen.storyboard; sourceTree = "<group>"; };
		9E1389C81E2B08390011701B /* Info.plist */ = {isa = PBXFileReference; lastKnownFileType = text.plist.xml; path = Info.plist; sourceTree = "<group>"; };
		9E1389D81E2B0EB00011701B /* CYCAppDelegate.h */ = {isa = PBXFileReference; fileEncoding = 4; lastKnownFileType = sourcecode.c.h; path = CYCAppDelegate.h; sourceTree = "<group>"; };
		9E1389D91E2B0EB00011701B /* CYCAppDelegate.m */ = {isa = PBXFileReference; fileEncoding = 4; lastKnownFileType = sourcecode.c.objc; path = CYCAppDelegate.m; sourceTree = "<group>"; };
		9E1389DB1E2B101F0011701B /* CYCTabBarController.h */ = {isa = PBXFileReference; fileEncoding = 4; lastKnownFileType = sourcecode.c.h; path = CYCTabBarController.h; sourceTree = "<group>"; };
		9E1389DC1E2B101F0011701B /* CYCTabBarController.m */ = {isa = PBXFileReference; fileEncoding = 4; lastKnownFileType = sourcecode.c.objc; path = CYCTabBarController.m; sourceTree = "<group>"; };
		9E1389F21E2B11D00011701B /* GamerController.h */ = {isa = PBXFileReference; fileEncoding = 4; lastKnownFileType = sourcecode.c.h; path = GamerController.h; sourceTree = "<group>"; };
		9E1389F31E2B11D00011701B /* GamerController.m */ = {isa = PBXFileReference; fileEncoding = 4; lastKnownFileType = sourcecode.c.objc; path = GamerController.m; sourceTree = "<group>"; };
		9E1389F51E2B11E00011701B /* ZonerController.h */ = {isa = PBXFileReference; fileEncoding = 4; lastKnownFileType = sourcecode.c.h; path = ZonerController.h; sourceTree = "<group>"; };
		9E1389F61E2B11E00011701B /* ZonerController.m */ = {isa = PBXFileReference; fileEncoding = 4; lastKnownFileType = sourcecode.c.objc; path = ZonerController.m; sourceTree = "<group>"; };
		9E1389F81E2B11F10011701B /* HomerController.h */ = {isa = PBXFileReference; fileEncoding = 4; lastKnownFileType = sourcecode.c.h; path = HomerController.h; sourceTree = "<group>"; };
		9E1389F91E2B11F10011701B /* HomerController.m */ = {isa = PBXFileReference; fileEncoding = 4; lastKnownFileType = sourcecode.c.objc; path = HomerController.m; sourceTree = "<group>"; };
		9E1389FB1E2B12000011701B /* DiscoverController.h */ = {isa = PBXFileReference; fileEncoding = 4; lastKnownFileType = sourcecode.c.h; path = DiscoverController.h; sourceTree = "<group>"; };
		9E1389FC1E2B12000011701B /* DiscoverController.m */ = {isa = PBXFileReference; fileEncoding = 4; lastKnownFileType = sourcecode.c.objc; path = DiscoverController.m; sourceTree = "<group>"; };
		9E1389FE1E2B120E0011701B /* SettingerController.h */ = {isa = PBXFileReference; fileEncoding = 4; lastKnownFileType = sourcecode.c.h; path = SettingerController.h; sourceTree = "<group>"; };
		9E1389FF1E2B120E0011701B /* SettingerController.m */ = {isa = PBXFileReference; fileEncoding = 4; lastKnownFileType = sourcecode.c.objc; path = SettingerController.m; sourceTree = "<group>"; };
		9E138A031E2B1DDF0011701B /* icon_tab_discover.png */ = {isa = PBXFileReference; lastKnownFileType = image.png; path = icon_tab_discover.png; sourceTree = "<group>"; };
		9E138A041E2B1DDF0011701B /* icon_tab_discover@2x.png */ = {isa = PBXFileReference; lastKnownFileType = image.png; path = "icon_tab_discover@2x.png"; sourceTree = "<group>"; };
		9E138A051E2B1DDF0011701B /* icon_tab_discover@3x.png */ = {isa = PBXFileReference; lastKnownFileType = image.png; path = "icon_tab_discover@3x.png"; sourceTree = "<group>"; };
		9E138A061E2B1DDF0011701B /* icon_tab_gamer.png */ = {isa = PBXFileReference; lastKnownFileType = image.png; path = icon_tab_gamer.png; sourceTree = "<group>"; };
		9E138A071E2B1DDF0011701B /* icon_tab_gamer@2x.png */ = {isa = PBXFileReference; lastKnownFileType = image.png; path = "icon_tab_gamer@2x.png"; sourceTree = "<group>"; };
		9E138A081E2B1DDF0011701B /* icon_tab_gamer@3x.png */ = {isa = PBXFileReference; lastKnownFileType = image.png; path = "icon_tab_gamer@3x.png"; sourceTree = "<group>"; };
		9E138A091E2B1DDF0011701B /* icon_tab_homer.png */ = {isa = PBXFileReference; lastKnownFileType = image.png; path = icon_tab_homer.png; sourceTree = "<group>"; };
		9E138A0A1E2B1DDF0011701B /* icon_tab_homer@2x.png */ = {isa = PBXFileReference; lastKnownFileType = image.png; path = "icon_tab_homer@2x.png"; sourceTree = "<group>"; };
		9E138A0B1E2B1DDF0011701B /* icon_tab_homer@3x.png */ = {isa = PBXFileReference; lastKnownFileType = image.png; path = "icon_tab_homer@3x.png"; sourceTree = "<group>"; };
		9E138A0C1E2B1DDF0011701B /* icon_tab_settinger.png */ = {isa = PBXFileReference; lastKnownFileType = image.png; path = icon_tab_settinger.png; sourceTree = "<group>"; };
		9E138A0D1E2B1DDF0011701B /* icon_tab_settinger@2x.png */ = {isa = PBXFileReference; lastKnownFileType = image.png; path = "icon_tab_settinger@2x.png"; sourceTree = "<group>"; };
		9E138A0E1E2B1DDF0011701B /* icon_tab_settinger@3x.png */ = {isa = PBXFileReference; lastKnownFileType = image.png; path = "icon_tab_settinger@3x.png"; sourceTree = "<group>"; };
		9E138A0F1E2B1DDF0011701B /* icon_tab_zoner.png */ = {isa = PBXFileReference; lastKnownFileType = image.png; path = icon_tab_zoner.png; sourceTree = "<group>"; };
		9E138A101E2B1DDF0011701B /* icon_tab_zoner@2x.png */ = {isa = PBXFileReference; lastKnownFileType = image.png; path = "icon_tab_zoner@2x.png"; sourceTree = "<group>"; };
		9E138A111E2B1DDF0011701B /* icon_tab_zoner@3x.png */ = {isa = PBXFileReference; lastKnownFileType = image.png; path = "icon_tab_zoner@3x.png"; sourceTree = "<group>"; };
		9E138A241E2B20B50011701B /* CYCLittleAppHeader.pch */ = {isa = PBXFileReference; lastKnownFileType = sourcecode.c.h; path = CYCLittleAppHeader.pch; sourceTree = "<group>"; };
		9E138A261E2B375E0011701B /* Icon-60.png */ = {isa = PBXFileReference; lastKnownFileType = image.png; path = "Icon-60.png"; sourceTree = "<group>"; };
		9E138A271E2B375E0011701B /* Icon-60@2x.png */ = {isa = PBXFileReference; lastKnownFileType = image.png; path = "Icon-60@2x.png"; sourceTree = "<group>"; };
		9E138A281E2B375E0011701B /* Icon-60@3x.png */ = {isa = PBXFileReference; lastKnownFileType = image.png; path = "Icon-60@3x.png"; sourceTree = "<group>"; };
		9E138A291E2B375E0011701B /* Icon-Small.png */ = {isa = PBXFileReference; lastKnownFileType = image.png; path = "Icon-Small.png"; sourceTree = "<group>"; };
		9E138A2A1E2B375E0011701B /* Icon-Small@2x.png */ = {isa = PBXFileReference; lastKnownFileType = image.png; path = "Icon-Small@2x.png"; sourceTree = "<group>"; };
		9E138A2B1E2B375E0011701B /* Icon-Small@3x.png */ = {isa = PBXFileReference; lastKnownFileType = image.png; path = "Icon-Small@3x.png"; sourceTree = "<group>"; };
		9E138A2C1E2B375E0011701B /* Icon-Spotlight-40.png */ = {isa = PBXFileReference; lastKnownFileType = image.png; path = "Icon-Spotlight-40.png"; sourceTree = "<group>"; };
		9E138A2D1E2B375E0011701B /* Icon-Spotlight-40@2x.png */ = {isa = PBXFileReference; lastKnownFileType = image.png; path = "Icon-Spotlight-40@2x.png"; sourceTree = "<group>"; };
		9E138A2E1E2B375E0011701B /* Icon-Spotlight-40@3x.png */ = {isa = PBXFileReference; lastKnownFileType = image.png; path = "Icon-Spotlight-40@3x.png"; sourceTree = "<group>"; };
		9EA44A841E2DF3FF00F7761D /* home_tab_icon_1.png */ = {isa = PBXFileReference; lastKnownFileType = image.png; path = home_tab_icon_1.png; sourceTree = "<group>"; };
		9EA44A851E2DF3FF00F7761D /* home_tab_icon_1@2x.png */ = {isa = PBXFileReference; lastKnownFileType = image.png; path = "home_tab_icon_1@2x.png"; sourceTree = "<group>"; };
		9EA44A861E2DF3FF00F7761D /* home_tab_icon_2.png */ = {isa = PBXFileReference; lastKnownFileType = image.png; path = home_tab_icon_2.png; sourceTree = "<group>"; };
		9EA44A871E2DF3FF00F7761D /* home_tab_icon_2@2x.png */ = {isa = PBXFileReference; lastKnownFileType = image.png; path = "home_tab_icon_2@2x.png"; sourceTree = "<group>"; };
		9EA44A881E2DF3FF00F7761D /* home_tab_icon_3.png */ = {isa = PBXFileReference; lastKnownFileType = image.png; path = home_tab_icon_3.png; sourceTree = "<group>"; };
		9EA44A891E2DF3FF00F7761D /* home_tab_icon_3@2x.png */ = {isa = PBXFileReference; lastKnownFileType = image.png; path = "home_tab_icon_3@2x.png"; sourceTree = "<group>"; };
		9EA44A8A1E2DF3FF00F7761D /* home_tab_icon_4.png */ = {isa = PBXFileReference; lastKnownFileType = image.png; path = home_tab_icon_4.png; sourceTree = "<group>"; };
		9EA44A8B1E2DF3FF00F7761D /* home_tab_icon_4@2x.png */ = {isa = PBXFileReference; lastKnownFileType = image.png; path = "home_tab_icon_4@2x.png"; sourceTree = "<group>"; };
		9EA44A8C1E2DF3FF00F7761D /* home_tab_icon_5.png */ = {isa = PBXFileReference; lastKnownFileType = image.png; path = home_tab_icon_5.png; sourceTree = "<group>"; };
		9EA44A8D1E2DF3FF00F7761D /* home_tab_icon_5@2x.png */ = {isa = PBXFileReference; lastKnownFileType = image.png; path = "home_tab_icon_5@2x.png"; sourceTree = "<group>"; };
		9EA44A981E2DF67200F7761D /* home_bottom_tab_arrow.png */ = {isa = PBXFileReference; lastKnownFileType = image.png; path = home_bottom_tab_arrow.png; sourceTree = "<group>"; };
		9EA44A991E2DF67200F7761D /* home_bottom_tab_arrow@2x.png */ = {isa = PBXFileReference; lastKnownFileType = image.png; path = "home_bottom_tab_arrow@2x.png"; sourceTree = "<group>"; };
		9EA44A9D1E2E11CD00F7761D /* AFHTTPRequestOperation.h */ = {isa = PBXFileReference; fileEncoding = 4; lastKnownFileType = sourcecode.c.h; path = AFHTTPRequestOperation.h; sourceTree = "<group>"; };
		9EA44A9E1E2E11CD00F7761D /* AFHTTPRequestOperation.m */ = {isa = PBXFileReference; fileEncoding = 4; lastKnownFileType = sourcecode.c.objc; path = AFHTTPRequestOperation.m; sourceTree = "<group>"; };
		9EA44A9F1E2E11CD00F7761D /* AFHTTPRequestOperationManager.h */ = {isa = PBXFileReference; fileEncoding = 4; lastKnownFileType = sourcecode.c.h; path = AFHTTPRequestOperationManager.h; sourceTree = "<group>"; };
		9EA44AA01E2E11CD00F7761D /* AFHTTPRequestOperationManager.m */ = {isa = PBXFileReference; fileEncoding = 4; lastKnownFileType = sourcecode.c.objc; path = AFHTTPRequestOperationManager.m; sourceTree = "<group>"; };
		9EA44AA11E2E11CD00F7761D /* AFHTTPSessionManager.h */ = {isa = PBXFileReference; fileEncoding = 4; lastKnownFileType = sourcecode.c.h; path = AFHTTPSessionManager.h; sourceTree = "<group>"; };
		9EA44AA21E2E11CD00F7761D /* AFHTTPSessionManager.m */ = {isa = PBXFileReference; fileEncoding = 4; lastKnownFileType = sourcecode.c.objc; path = AFHTTPSessionManager.m; sourceTree = "<group>"; };
		9EA44AA31E2E11CD00F7761D /* AFNetworking.h */ = {isa = PBXFileReference; fileEncoding = 4; lastKnownFileType = sourcecode.c.h; path = AFNetworking.h; sourceTree = "<group>"; };
		9EA44AA41E2E11CD00F7761D /* AFNetworkReachabilityManager.h */ = {isa = PBXFileReference; fileEncoding = 4; lastKnownFileType = sourcecode.c.h; path = AFNetworkReachabilityManager.h; sourceTree = "<group>"; };
		9EA44AA51E2E11CD00F7761D /* AFNetworkReachabilityManager.m */ = {isa = PBXFileReference; fileEncoding = 4; lastKnownFileType = sourcecode.c.objc; path = AFNetworkReachabilityManager.m; sourceTree = "<group>"; };
		9EA44AA61E2E11CD00F7761D /* AFSecurityPolicy.h */ = {isa = PBXFileReference; fileEncoding = 4; lastKnownFileType = sourcecode.c.h; path = AFSecurityPolicy.h; sourceTree = "<group>"; };
		9EA44AA71E2E11CD00F7761D /* AFSecurityPolicy.m */ = {isa = PBXFileReference; fileEncoding = 4; lastKnownFileType = sourcecode.c.objc; path = AFSecurityPolicy.m; sourceTree = "<group>"; };
		9EA44AA81E2E11CD00F7761D /* AFURLConnectionOperation.h */ = {isa = PBXFileReference; fileEncoding = 4; lastKnownFileType = sourcecode.c.h; path = AFURLConnectionOperation.h; sourceTree = "<group>"; };
		9EA44AA91E2E11CD00F7761D /* AFURLConnectionOperation.m */ = {isa = PBXFileReference; fileEncoding = 4; lastKnownFileType = sourcecode.c.objc; path = AFURLConnectionOperation.m; sourceTree = "<group>"; };
		9EA44AAA1E2E11CD00F7761D /* AFURLRequestSerialization.h */ = {isa = PBXFileReference; fileEncoding = 4; lastKnownFileType = sourcecode.c.h; path = AFURLRequestSerialization.h; sourceTree = "<group>"; };
		9EA44AAB1E2E11CD00F7761D /* AFURLRequestSerialization.m */ = {isa = PBXFileReference; fileEncoding = 4; lastKnownFileType = sourcecode.c.objc; path = AFURLRequestSerialization.m; sourceTree = "<group>"; };
		9EA44AAC1E2E11CD00F7761D /* AFURLResponseSerialization.h */ = {isa = PBXFileReference; fileEncoding = 4; lastKnownFileType = sourcecode.c.h; path = AFURLResponseSerialization.h; sourceTree = "<group>"; };
		9EA44AAD1E2E11CD00F7761D /* AFURLResponseSerialization.m */ = {isa = PBXFileReference; fileEncoding = 4; lastKnownFileType = sourcecode.c.objc; path = AFURLResponseSerialization.m; sourceTree = "<group>"; };
		9EA44AAE1E2E11CD00F7761D /* AFURLSessionManager.h */ = {isa = PBXFileReference; fileEncoding = 4; lastKnownFileType = sourcecode.c.h; path = AFURLSessionManager.h; sourceTree = "<group>"; };
		9EA44AAF1E2E11CD00F7761D /* AFURLSessionManager.m */ = {isa = PBXFileReference; fileEncoding = 4; lastKnownFileType = sourcecode.c.objc; path = AFURLSessionManager.m; sourceTree = "<group>"; };
		9EA44AB91E2E121300F7761D /* CNetWorking.h */ = {isa = PBXFileReference; fileEncoding = 4; lastKnownFileType = sourcecode.c.h; path = CNetWorking.h; sourceTree = "<group>"; };
		9EA44ABA1E2E121300F7761D /* CNetWorking.m */ = {isa = PBXFileReference; fileEncoding = 4; lastKnownFileType = sourcecode.c.objc; path = CNetWorking.m; sourceTree = "<group>"; };
		9EA44AC01E2E24BC00F7761D /* 0.png */ = {isa = PBXFileReference; lastKnownFileType = image.png; path = 0.png; sourceTree = "<group>"; };
		9EA44AC11E2E24BC00F7761D /* 1.png */ = {isa = PBXFileReference; lastKnownFileType = image.png; path = 1.png; sourceTree = "<group>"; };
		9EA44AC21E2E24BC00F7761D /* 10.png */ = {isa = PBXFileReference; lastKnownFileType = image.png; path = 10.png; sourceTree = "<group>"; };
		9EA44AC31E2E24BC00F7761D /* 11.png */ = {isa = PBXFileReference; lastKnownFileType = image.png; path = 11.png; sourceTree = "<group>"; };
		9EA44AC41E2E24BC00F7761D /* 12.png */ = {isa = PBXFileReference; lastKnownFileType = image.png; path = 12.png; sourceTree = "<group>"; };
		9EA44AC51E2E24BC00F7761D /* 13.png */ = {isa = PBXFileReference; lastKnownFileType = image.png; path = 13.png; sourceTree = "<group>"; };
		9EA44AC61E2E24BC00F7761D /* 14.png */ = {isa = PBXFileReference; lastKnownFileType = image.png; path = 14.png; sourceTree = "<group>"; };
		9EA44AC71E2E24BC00F7761D /* 15.png */ = {isa = PBXFileReference; lastKnownFileType = image.png; path = 15.png; sourceTree = "<group>"; };
		9EA44AC81E2E24BC00F7761D /* 16.png */ = {isa = PBXFileReference; lastKnownFileType = image.png; path = 16.png; sourceTree = "<group>"; };
		9EA44AC91E2E24BC00F7761D /* 17.png */ = {isa = PBXFileReference; lastKnownFileType = image.png; path = 17.png; sourceTree = "<group>"; };
		9EA44ACA1E2E24BC00F7761D /* 18.png */ = {isa = PBXFileReference; lastKnownFileType = image.png; path = 18.png; sourceTree = "<group>"; };
		9EA44ACB1E2E24BC00F7761D /* 19.png */ = {isa = PBXFileReference; lastKnownFileType = image.png; path = 19.png; sourceTree = "<group>"; };
		9EA44ACC1E2E24BC00F7761D /* 2.png */ = {isa = PBXFileReference; lastKnownFileType = image.png; path = 2.png; sourceTree = "<group>"; };
		9EA44ACD1E2E24BC00F7761D /* 20.png */ = {isa = PBXFileReference; lastKnownFileType = image.png; path = 20.png; sourceTree = "<group>"; };
		9EA44ACE1E2E24BC00F7761D /* 21.png */ = {isa = PBXFileReference; lastKnownFileType = image.png; path = 21.png; sourceTree = "<group>"; };
		9EA44ACF1E2E24BC00F7761D /* 22.png */ = {isa = PBXFileReference; lastKnownFileType = image.png; path = 22.png; sourceTree = "<group>"; };
		9EA44AD01E2E24BC00F7761D /* 23.png */ = {isa = PBXFileReference; lastKnownFileType = image.png; path = 23.png; sourceTree = "<group>"; };
		9EA44AD11E2E24BC00F7761D /* 24.png */ = {isa = PBXFileReference; lastKnownFileType = image.png; path = 24.png; sourceTree = "<group>"; };
		9EA44AD21E2E24BC00F7761D /* 25.png */ = {isa = PBXFileReference; lastKnownFileType = image.png; path = 25.png; sourceTree = "<group>"; };
		9EA44AD31E2E24BC00F7761D /* 26.png */ = {isa = PBXFileReference; lastKnownFileType = image.png; path = 26.png; sourceTree = "<group>"; };
		9EA44AD41E2E24BC00F7761D /* 27.png */ = {isa = PBXFileReference; lastKnownFileType = image.png; path = 27.png; sourceTree = "<group>"; };
		9EA44AD51E2E24BC00F7761D /* 28.png */ = {isa = PBXFileReference; lastKnownFileType = image.png; path = 28.png; sourceTree = "<group>"; };
		9EA44AD61E2E24BC00F7761D /* 29.png */ = {isa = PBXFileReference; lastKnownFileType = image.png; path = 29.png; sourceTree = "<group>"; };
		9EA44AD71E2E24BC00F7761D /* 3.png */ = {isa = PBXFileReference; lastKnownFileType = image.png; path = 3.png; sourceTree = "<group>"; };
		9EA44AD81E2E24BC00F7761D /* 30.png */ = {isa = PBXFileReference; lastKnownFileType = image.png; path = 30.png; sourceTree = "<group>"; };
		9EA44AD91E2E24BC00F7761D /* 31.png */ = {isa = PBXFileReference; lastKnownFileType = image.png; path = 31.png; sourceTree = "<group>"; };
		9EA44ADA1E2E24BC00F7761D /* 32.png */ = {isa = PBXFileReference; lastKnownFileType = image.png; path = 32.png; sourceTree = "<group>"; };
		9EA44ADB1E2E24BC00F7761D /* 33.png */ = {isa = PBXFileReference; lastKnownFileType = image.png; path = 33.png; sourceTree = "<group>"; };
		9EA44ADC1E2E24BC00F7761D /* 34.png */ = {isa = PBXFileReference; lastKnownFileType = image.png; path = 34.png; sourceTree = "<group>"; };
		9EA44ADD1E2E24BC00F7761D /* 35.png */ = {isa = PBXFileReference; lastKnownFileType = image.png; path = 35.png; sourceTree = "<group>"; };
		9EA44ADE1E2E24BC00F7761D /* 36.png */ = {isa = PBXFileReference; lastKnownFileType = image.png; path = 36.png; sourceTree = "<group>"; };
		9EA44ADF1E2E24BC00F7761D /* 37.png */ = {isa = PBXFileReference; lastKnownFileType = image.png; path = 37.png; sourceTree = "<group>"; };
		9EA44AE01E2E24BC00F7761D /* 38.png */ = {isa = PBXFileReference; lastKnownFileType = image.png; path = 38.png; sourceTree = "<group>"; };
		9EA44AE11E2E24BC00F7761D /* 4.png */ = {isa = PBXFileReference; lastKnownFileType = image.png; path = 4.png; sourceTree = "<group>"; };
		9EA44AE21E2E24BC00F7761D /* 5.png */ = {isa = PBXFileReference; lastKnownFileType = image.png; path = 5.png; sourceTree = "<group>"; };
		9EA44AE31E2E24BC00F7761D /* 6.png */ = {isa = PBXFileReference; lastKnownFileType = image.png; path = 6.png; sourceTree = "<group>"; };
		9EA44AE41E2E24BC00F7761D /* 7.png */ = {isa = PBXFileReference; lastKnownFileType = image.png; path = 7.png; sourceTree = "<group>"; };
		9EA44AE51E2E24BC00F7761D /* 8.png */ = {isa = PBXFileReference; lastKnownFileType = image.png; path = 8.png; sourceTree = "<group>"; };
		9EA44AE61E2E24BC00F7761D /* 9.png */ = {isa = PBXFileReference; lastKnownFileType = image.png; path = 9.png; sourceTree = "<group>"; };
		9EA44AE71E2E24BC00F7761D /* 99.png */ = {isa = PBXFileReference; lastKnownFileType = image.png; path = 99.png; sourceTree = "<group>"; };
		9EA44B101E2E39E900F7761D /* ThemeManager.h */ = {isa = PBXFileReference; fileEncoding = 4; lastKnownFileType = sourcecode.c.h; path = ThemeManager.h; sourceTree = "<group>"; };
		9EA44B111E2E39E900F7761D /* ThemeManager.m */ = {isa = PBXFileReference; fileEncoding = 4; lastKnownFileType = sourcecode.c.objc; path = ThemeManager.m; sourceTree = "<group>"; };
		9EA44B131E2E425A00F7761D /* CThemeLabel.h */ = {isa = PBXFileReference; fileEncoding = 4; lastKnownFileType = sourcecode.c.h; path = CThemeLabel.h; sourceTree = "<group>"; };
		9EA44B141E2E425A00F7761D /* CThemeLabel.m */ = {isa = PBXFileReference; fileEncoding = 4; lastKnownFileType = sourcecode.c.objc; path = CThemeLabel.m; sourceTree = "<group>"; };
		9EA44B161E2E426B00F7761D /* CThemeButton.h */ = {isa = PBXFileReference; fileEncoding = 4; lastKnownFileType = sourcecode.c.h; path = CThemeButton.h; sourceTree = "<group>"; };
		9EA44B171E2E426B00F7761D /* CThemeButton.m */ = {isa = PBXFileReference; fileEncoding = 4; lastKnownFileType = sourcecode.c.objc; path = CThemeButton.m; sourceTree = "<group>"; };
		9EA44B1D1E2E6FBD00F7761D /* CYCLeftController.h */ = {isa = PBXFileReference; fileEncoding = 4; lastKnownFileType = sourcecode.c.h; path = CYCLeftController.h; sourceTree = "<group>"; };
		9EA44B1E1E2E6FBD00F7761D /* CYCLeftController.m */ = {isa = PBXFileReference; fileEncoding = 4; lastKnownFileType = sourcecode.c.objc; path = CYCLeftController.m; sourceTree = "<group>"; };
		9EA44B201E2E6FBD00F7761D /* WeatherModel.h */ = {isa = PBXFileReference; fileEncoding = 4; lastKnownFileType = sourcecode.c.h; path = WeatherModel.h; sourceTree = "<group>"; };
		9EA44B211E2E6FBD00F7761D /* WeatherModel.m */ = {isa = PBXFileReference; fileEncoding = 4; lastKnownFileType = sourcecode.c.objc; path = WeatherModel.m; sourceTree = "<group>"; };
		9EA44B231E2E6FBD00F7761D /* CLeftCtrlCell.h */ = {isa = PBXFileReference; fileEncoding = 4; lastKnownFileType = sourcecode.c.h; path = CLeftCtrlCell.h; sourceTree = "<group>"; };
		9EA44B241E2E6FBD00F7761D /* CLeftCtrlCell.m */ = {isa = PBXFileReference; fileEncoding = 4; lastKnownFileType = sourcecode.c.objc; path = CLeftCtrlCell.m; sourceTree = "<group>"; };
		9EA44B281E2E708300F7761D /* WeatherController.h */ = {isa = PBXFileReference; fileEncoding = 4; lastKnownFileType = sourcecode.c.h; path = WeatherController.h; sourceTree = "<group>"; };
		9EA44B291E2E708300F7761D /* WeatherController.m */ = {isa = PBXFileReference; fileEncoding = 4; lastKnownFileType = sourcecode.c.objc; path = WeatherController.m; sourceTree = "<group>"; };
		9EA44B2C1E2E758900F7761D /* 37x-Checkmark.png */ = {isa = PBXFileReference; lastKnownFileType = image.png; path = "37x-Checkmark.png"; sourceTree = "<group>"; };
		9EA44B2D1E2E758900F7761D /* 37x-Checkmark@2x.png */ = {isa = PBXFileReference; lastKnownFileType = image.png; path = "37x-Checkmark@2x.png"; sourceTree = "<group>"; };
		9EA44B2E1E2E758900F7761D /* MBProgressHUD.h */ = {isa = PBXFileReference; fileEncoding = 4; lastKnownFileType = sourcecode.c.h; path = MBProgressHUD.h; sourceTree = "<group>"; };
		9EA44B2F1E2E758900F7761D /* MBProgressHUD.m */ = {isa = PBXFileReference; fileEncoding = 4; lastKnownFileType = sourcecode.c.objc; path = MBProgressHUD.m; sourceTree = "<group>"; };
		9EF53CD91E2BBE6500F55033 /* MMDrawerBarButtonItem.h */ = {isa = PBXFileReference; fileEncoding = 4; lastKnownFileType = sourcecode.c.h; path = MMDrawerBarButtonItem.h; sourceTree = "<group>"; };
		9EF53CDA1E2BBE6500F55033 /* MMDrawerBarButtonItem.m */ = {isa = PBXFileReference; fileEncoding = 4; lastKnownFileType = sourcecode.c.objc; path = MMDrawerBarButtonItem.m; sourceTree = "<group>"; };
		9EF53CDB1E2BBE6500F55033 /* MMDrawerController+Subclass.h */ = {isa = PBXFileReference; fileEncoding = 4; lastKnownFileType = sourcecode.c.h; path = "MMDrawerController+Subclass.h"; sourceTree = "<group>"; };
		9EF53CDC1E2BBE6500F55033 /* MMDrawerController.h */ = {isa = PBXFileReference; fileEncoding = 4; lastKnownFileType = sourcecode.c.h; path = MMDrawerController.h; sourceTree = "<group>"; };
		9EF53CDD1E2BBE6500F55033 /* MMDrawerController.m */ = {isa = PBXFileReference; fileEncoding = 4; lastKnownFileType = sourcecode.c.objc; path = MMDrawerController.m; sourceTree = "<group>"; };
		9EF53CDE1E2BBE6500F55033 /* MMDrawerVisualState.h */ = {isa = PBXFileReference; fileEncoding = 4; lastKnownFileType = sourcecode.c.h; path = MMDrawerVisualState.h; sourceTree = "<group>"; };
		9EF53CDF1E2BBE6500F55033 /* MMDrawerVisualState.m */ = {isa = PBXFileReference; fileEncoding = 4; lastKnownFileType = sourcecode.c.objc; path = MMDrawerVisualState.m; sourceTree = "<group>"; };
		9EF53CE01E2BBE6500F55033 /* UIViewController+MMDrawerController.h */ = {isa = PBXFileReference; fileEncoding = 4; lastKnownFileType = sourcecode.c.h; path = "UIViewController+MMDrawerController.h"; sourceTree = "<group>"; };
		9EF53CE11E2BBE6500F55033 /* UIViewController+MMDrawerController.m */ = {isa = PBXFileReference; fileEncoding = 4; lastKnownFileType = sourcecode.c.objc; path = "UIViewController+MMDrawerController.m"; sourceTree = "<group>"; };
		9EF53CF61E2BD2E300F55033 /* image_leftControllerHeadImage@2x.png */ = {isa = PBXFileReference; lastKnownFileType = image.png; path = "image_leftControllerHeadImage@2x.png"; sourceTree = "<group>"; };
		9EF53CF71E2BD2E300F55033 /* image_leftControllerHeadImage@3x.png */ = {isa = PBXFileReference; lastKnownFileType = image.png; path = "image_leftControllerHeadImage@3x.png"; sourceTree = "<group>"; };
		9EF53CFC1E2BDE2000F55033 /* icon_leftCtrl_feedBack.png */ = {isa = PBXFileReference; lastKnownFileType = image.png; path = icon_leftCtrl_feedBack.png; sourceTree = "<group>"; };
		9EF53CFD1E2BDE2000F55033 /* icon_leftCtrl_feedBack@2x.png */ = {isa = PBXFileReference; lastKnownFileType = image.png; path = "icon_leftCtrl_feedBack@2x.png"; sourceTree = "<group>"; };
		9EF53CFE1E2BDE2000F55033 /* icon_leftCtrl_feedBack@3x.png */ = {isa = PBXFileReference; lastKnownFileType = image.png; path = "icon_leftCtrl_feedBack@3x.png"; sourceTree = "<group>"; };
		9EF53CFF1E2BDE2000F55033 /* icon_leftCtrl_function.png */ = {isa = PBXFileReference; lastKnownFileType = image.png; path = icon_leftCtrl_function.png; sourceTree = "<group>"; };
		9EF53D001E2BDE2000F55033 /* icon_leftCtrl_function@2x.png */ = {isa = PBXFileReference; lastKnownFileType = image.png; path = "icon_leftCtrl_function@2x.png"; sourceTree = "<group>"; };
		9EF53D011E2BDE2000F55033 /* icon_leftCtrl_function@3x.png */ = {isa = PBXFileReference; lastKnownFileType = image.png; path = "icon_leftCtrl_function@3x.png"; sourceTree = "<group>"; };
		9EF53D021E2BDE2000F55033 /* icon_leftCtrl_Third.png */ = {isa = PBXFileReference; lastKnownFileType = image.png; path = icon_leftCtrl_Third.png; sourceTree = "<group>"; };
		9EF53D031E2BDE2000F55033 /* icon_leftCtrl_Third@2x.png */ = {isa = PBXFileReference; lastKnownFileType = image.png; path = "icon_leftCtrl_Third@2x.png"; sourceTree = "<group>"; };
		9EF53D041E2BDE2000F55033 /* icon_leftCtrl_Third@3x.png */ = {isa = PBXFileReference; lastKnownFileType = image.png; path = "icon_leftCtrl_Third@3x.png"; sourceTree = "<group>"; };
		9EF53D051E2BDE2000F55033 /* icon_leftCtrl_user.png */ = {isa = PBXFileReference; lastKnownFileType = image.png; path = icon_leftCtrl_user.png; sourceTree = "<group>"; };
		9EF53D061E2BDE2000F55033 /* icon_leftCtrl_user@2x.png */ = {isa = PBXFileReference; lastKnownFileType = image.png; path = "icon_leftCtrl_user@2x.png"; sourceTree = "<group>"; };
		9EF53D071E2BDE2000F55033 /* icon_leftCtrl_user@3x.png */ = {isa = PBXFileReference; lastKnownFileType = image.png; path = "icon_leftCtrl_user@3x.png"; sourceTree = "<group>"; };
		9EF9EBFF1E2C7A040030023B /* icon_leftController_day.png */ = {isa = PBXFileReference; lastKnownFileType = image.png; path = icon_leftController_day.png; sourceTree = "<group>"; };
		9EF9EC001E2C7A040030023B /* icon_leftController_day@2x.png */ = {isa = PBXFileReference; lastKnownFileType = image.png; path = "icon_leftController_day@2x.png"; sourceTree = "<group>"; };
		9EF9EC011E2C7A040030023B /* icon_leftController_day@3x.png */ = {isa = PBXFileReference; lastKnownFileType = image.png; path = "icon_leftController_day@3x.png"; sourceTree = "<group>"; };
		9EF9EC021E2C7A040030023B /* icon_leftController_night.png */ = {isa = PBXFileReference; lastKnownFileType = image.png; path = icon_leftController_night.png; sourceTree = "<group>"; };
		9EF9EC031E2C7A040030023B /* icon_leftController_night@2x.png */ = {isa = PBXFileReference; lastKnownFileType = image.png; path = "icon_leftController_night@2x.png"; sourceTree = "<group>"; };
		9EF9EC041E2C7A040030023B /* icon_leftController_night@3x.png */ = {isa = PBXFileReference; lastKnownFileType = image.png; path = "icon_leftController_night@3x.png"; sourceTree = "<group>"; };
		9EF9EC1D1E2CD01A0030023B /* icon_tab_Bar@2x.png */ = {isa = PBXFileReference; lastKnownFileType = image.png; path = "icon_tab_Bar@2x.png"; sourceTree = "<group>"; };
		9EF9EC1E1E2CD01A0030023B /* icon_tab_Bar@3x.png */ = {isa = PBXFileReference; lastKnownFileType = image.png; path = "icon_tab_Bar@3x.png"; sourceTree = "<group>"; };
/* End PBXFileReference section */

/* Begin PBXFrameworksBuildPhase section */
		9E1389B11E2B08390011701B /* Frameworks */ = {
			isa = PBXFrameworksBuildPhase;
			buildActionMask = 2147483647;
			files = (
			);
			runOnlyForDeploymentPostprocessing = 0;
		};
/* End PBXFrameworksBuildPhase section */

/* Begin PBXGroup section */
		9E1389AB1E2B08390011701B = {
			isa = PBXGroup;
			children = (
				9E1389B61E2B08390011701B /* LittleAppOC */,
				9E1389B51E2B08390011701B /* Products */,
			);
			sourceTree = "<group>";
		};
		9E1389B51E2B08390011701B /* Products */ = {
			isa = PBXGroup;
			children = (
				9E1389B41E2B08390011701B /* LittleAppOC.app */,
			);
			name = Products;
			sourceTree = "<group>";
		};
		9E1389B61E2B08390011701B /* LittleAppOC */ = {
			isa = PBXGroup;
			children = (
				9E1389D41E2B0A330011701B /* Home */,
				9E1389C31E2B08390011701B /* Assets.xcassets */,
				9E1389C51E2B08390011701B /* LaunchScreen.storyboard */,
				9E1389C81E2B08390011701B /* Info.plist */,
				9E1389B71E2B08390011701B /* Supporting Files */,
			);
			path = LittleAppOC;
			sourceTree = "<group>";
		};
		9E1389B71E2B08390011701B /* Supporting Files */ = {
			isa = PBXGroup;
			children = (
				9E1389B81E2B08390011701B /* main.m */,
			);
			name = "Supporting Files";
			sourceTree = "<group>";
		};
		9E1389D41E2B0A330011701B /* Home */ = {
			isa = PBXGroup;
			children = (
				9E1389D51E2B0A330011701B /* Base */,
				9EF9EC0B1E2C81100030023B /* Left */,
				9E1389D61E2B0A330011701B /* Main */,
				9E1389D71E2B0A330011701B /* Tool */,
				9E138A011E2B1DA70011701B /* Image */,
				9EF53CD71E2BBE4F00F55033 /* Third */,
			);
			path = Home;
			sourceTree = "<group>";
		};
		9E1389D51E2B0A330011701B /* Base */ = {
			isa = PBXGroup;
			children = (
				9E1389D81E2B0EB00011701B /* CYCAppDelegate.h */,
				9E1389D91E2B0EB00011701B /* CYCAppDelegate.m */,
				9E1389DB1E2B101F0011701B /* CYCTabBarController.h */,
				9E1389DC1E2B101F0011701B /* CYCTabBarController.m */,
			);
			path = Base;
			sourceTree = "<group>";
		};
		9E1389D61E2B0A330011701B /* Main */ = {
			isa = PBXGroup;
			children = (
				9E1389DE1E2B119B0011701B /* 01 Gamer */,
				9E1389E21E2B119B0011701B /* 02 Zoner */,
				9E1389E61E2B119B0011701B /* 03 Homer */,
				9E1389EA1E2B119B0011701B /* 04 Discover */,
				9E1389EE1E2B119B0011701B /* 05 Settinger */,
			);
			path = Main;
			sourceTree = "<group>";
		};
		9E1389D71E2B0A330011701B /* Tool */ = {
			isa = PBXGroup;
			children = (
				9E138A241E2B20B50011701B /* CYCLittleAppHeader.pch */,
				9EA44AB91E2E121300F7761D /* CNetWorking.h */,
				9EA44ABA1E2E121300F7761D /* CNetWorking.m */,
				9EA44B101E2E39E900F7761D /* ThemeManager.h */,
				9EA44B111E2E39E900F7761D /* ThemeManager.m */,
				9EA44B131E2E425A00F7761D /* CThemeLabel.h */,
				9EA44B141E2E425A00F7761D /* CThemeLabel.m */,
				9EA44B161E2E426B00F7761D /* CThemeButton.h */,
				9EA44B171E2E426B00F7761D /* CThemeButton.m */,
			);
			path = Tool;
			sourceTree = "<group>";
		};
		9E1389DE1E2B119B0011701B /* 01 Gamer */ = {
			isa = PBXGroup;
			children = (
				9E1389DF1E2B119B0011701B /* 01 Controller */,
				9E1389E01E2B119B0011701B /* 02 Model */,
				9E1389E11E2B119B0011701B /* 03 View */,
			);
			path = "01 Gamer";
			sourceTree = "<group>";
		};
		9E1389DF1E2B119B0011701B /* 01 Controller */ = {
			isa = PBXGroup;
			children = (
				9E1389F21E2B11D00011701B /* GamerController.h */,
				9E1389F31E2B11D00011701B /* GamerController.m */,
			);
			path = "01 Controller";
			sourceTree = "<group>";
		};
		9E1389E01E2B119B0011701B /* 02 Model */ = {
			isa = PBXGroup;
			children = (
			);
			path = "02 Model";
			sourceTree = "<group>";
		};
		9E1389E11E2B119B0011701B /* 03 View */ = {
			isa = PBXGroup;
			children = (
			);
			path = "03 View";
			sourceTree = "<group>";
		};
		9E1389E21E2B119B0011701B /* 02 Zoner */ = {
			isa = PBXGroup;
			children = (
				9E1389E31E2B119B0011701B /* 01 Controller */,
				9E1389E41E2B119B0011701B /* 02 Model */,
				9E1389E51E2B119B0011701B /* 03 View */,
			);
			path = "02 Zoner";
			sourceTree = "<group>";
		};
		9E1389E31E2B119B0011701B /* 01 Controller */ = {
			isa = PBXGroup;
			children = (
				9E1389F51E2B11E00011701B /* ZonerController.h */,
				9E1389F61E2B11E00011701B /* ZonerController.m */,
			);
			path = "01 Controller";
			sourceTree = "<group>";
		};
		9E1389E41E2B119B0011701B /* 02 Model */ = {
			isa = PBXGroup;
			children = (
			);
			path = "02 Model";
			sourceTree = "<group>";
		};
		9E1389E51E2B119B0011701B /* 03 View */ = {
			isa = PBXGroup;
			children = (
			);
			path = "03 View";
			sourceTree = "<group>";
		};
		9E1389E61E2B119B0011701B /* 03 Homer */ = {
			isa = PBXGroup;
			children = (
				9E1389E71E2B119B0011701B /* 01 Controller */,
				9E1389E81E2B119B0011701B /* 02 Model */,
				9E1389E91E2B119B0011701B /* 03 View */,
			);
			path = "03 Homer";
			sourceTree = "<group>";
		};
		9E1389E71E2B119B0011701B /* 01 Controller */ = {
			isa = PBXGroup;
			children = (
				9E1389F81E2B11F10011701B /* HomerController.h */,
				9E1389F91E2B11F10011701B /* HomerController.m */,
			);
			path = "01 Controller";
			sourceTree = "<group>";
		};
		9E1389E81E2B119B0011701B /* 02 Model */ = {
			isa = PBXGroup;
			children = (
			);
			path = "02 Model";
			sourceTree = "<group>";
		};
		9E1389E91E2B119B0011701B /* 03 View */ = {
			isa = PBXGroup;
			children = (
			);
			path = "03 View";
			sourceTree = "<group>";
		};
		9E1389EA1E2B119B0011701B /* 04 Discover */ = {
			isa = PBXGroup;
			children = (
				9E1389EB1E2B119B0011701B /* 01 Controller */,
				9E1389EC1E2B119B0011701B /* 02 Model */,
				9E1389ED1E2B119B0011701B /* 03 View */,
			);
			path = "04 Discover";
			sourceTree = "<group>";
		};
		9E1389EB1E2B119B0011701B /* 01 Controller */ = {
			isa = PBXGroup;
			children = (
				9E1389FB1E2B12000011701B /* DiscoverController.h */,
				9E1389FC1E2B12000011701B /* DiscoverController.m */,
			);
			path = "01 Controller";
			sourceTree = "<group>";
		};
		9E1389EC1E2B119B0011701B /* 02 Model */ = {
			isa = PBXGroup;
			children = (
			);
			path = "02 Model";
			sourceTree = "<group>";
		};
		9E1389ED1E2B119B0011701B /* 03 View */ = {
			isa = PBXGroup;
			children = (
			);
			path = "03 View";
			sourceTree = "<group>";
		};
		9E1389EE1E2B119B0011701B /* 05 Settinger */ = {
			isa = PBXGroup;
			children = (
				9E1389EF1E2B119B0011701B /* 01 Controller */,
				9E1389F01E2B119B0011701B /* 02 Model */,
				9E1389F11E2B119B0011701B /* 03 View */,
			);
			path = "05 Settinger";
			sourceTree = "<group>";
		};
		9E1389EF1E2B119B0011701B /* 01 Controller */ = {
			isa = PBXGroup;
			children = (
				9E1389FE1E2B120E0011701B /* SettingerController.h */,
				9E1389FF1E2B120E0011701B /* SettingerController.m */,
			);
			path = "01 Controller";
			sourceTree = "<group>";
		};
		9E1389F01E2B119B0011701B /* 02 Model */ = {
			isa = PBXGroup;
			children = (
			);
			path = "02 Model";
			sourceTree = "<group>";
		};
		9E1389F11E2B119B0011701B /* 03 View */ = {
			isa = PBXGroup;
			children = (
			);
			path = "03 View";
			sourceTree = "<group>";
		};
		9E138A011E2B1DA70011701B /* Image */ = {
			isa = PBXGroup;
			children = (
				9EF53CE91E2BCB2500F55033 /* LeftControllerImage */,
				9E138A251E2B374E0011701B /* AppIconImage */,
				9E138A021E2B1DD20011701B /* TabBarImage */,
			);
			path = Image;
			sourceTree = "<group>";
		};
		9E138A021E2B1DD20011701B /* TabBarImage */ = {
			isa = PBXGroup;
			children = (
				9EA44A981E2DF67200F7761D /* home_bottom_tab_arrow.png */,
				9EA44A991E2DF67200F7761D /* home_bottom_tab_arrow@2x.png */,
				9EA44A841E2DF3FF00F7761D /* home_tab_icon_1.png */,
				9EA44A851E2DF3FF00F7761D /* home_tab_icon_1@2x.png */,
				9EA44A861E2DF3FF00F7761D /* home_tab_icon_2.png */,
				9EA44A871E2DF3FF00F7761D /* home_tab_icon_2@2x.png */,
				9EA44A881E2DF3FF00F7761D /* home_tab_icon_3.png */,
				9EA44A891E2DF3FF00F7761D /* home_tab_icon_3@2x.png */,
				9EA44A8A1E2DF3FF00F7761D /* home_tab_icon_4.png */,
				9EA44A8B1E2DF3FF00F7761D /* home_tab_icon_4@2x.png */,
				9EA44A8C1E2DF3FF00F7761D /* home_tab_icon_5.png */,
				9EA44A8D1E2DF3FF00F7761D /* home_tab_icon_5@2x.png */,
				9EF9EC1D1E2CD01A0030023B /* icon_tab_Bar@2x.png */,
				9EF9EC1E1E2CD01A0030023B /* icon_tab_Bar@3x.png */,
				9E138A031E2B1DDF0011701B /* icon_tab_discover.png */,
				9E138A041E2B1DDF0011701B /* icon_tab_discover@2x.png */,
				9E138A051E2B1DDF0011701B /* icon_tab_discover@3x.png */,
				9E138A061E2B1DDF0011701B /* icon_tab_gamer.png */,
				9E138A071E2B1DDF0011701B /* icon_tab_gamer@2x.png */,
				9E138A081E2B1DDF0011701B /* icon_tab_gamer@3x.png */,
				9E138A091E2B1DDF0011701B /* icon_tab_homer.png */,
				9E138A0A1E2B1DDF0011701B /* icon_tab_homer@2x.png */,
				9E138A0B1E2B1DDF0011701B /* icon_tab_homer@3x.png */,
				9E138A0C1E2B1DDF0011701B /* icon_tab_settinger.png */,
				9E138A0D1E2B1DDF0011701B /* icon_tab_settinger@2x.png */,
				9E138A0E1E2B1DDF0011701B /* icon_tab_settinger@3x.png */,
				9E138A0F1E2B1DDF0011701B /* icon_tab_zoner.png */,
				9E138A101E2B1DDF0011701B /* icon_tab_zoner@2x.png */,
				9E138A111E2B1DDF0011701B /* icon_tab_zoner@3x.png */,
			);
			path = TabBarImage;
			sourceTree = "<group>";
		};
		9E138A251E2B374E0011701B /* AppIconImage */ = {
			isa = PBXGroup;
			children = (
				9E138A261E2B375E0011701B /* Icon-60.png */,
				9E138A271E2B375E0011701B /* Icon-60@2x.png */,
				9E138A281E2B375E0011701B /* Icon-60@3x.png */,
				9E138A291E2B375E0011701B /* Icon-Small.png */,
				9E138A2A1E2B375E0011701B /* Icon-Small@2x.png */,
				9E138A2B1E2B375E0011701B /* Icon-Small@3x.png */,
				9E138A2C1E2B375E0011701B /* Icon-Spotlight-40.png */,
				9E138A2D1E2B375E0011701B /* Icon-Spotlight-40@2x.png */,
				9E138A2E1E2B375E0011701B /* Icon-Spotlight-40@3x.png */,
			);
			path = AppIconImage;
			sourceTree = "<group>";
		};
		9EA44A9C1E2E11CD00F7761D /* AFNetworking */ = {
			isa = PBXGroup;
			children = (
				9EA44A9D1E2E11CD00F7761D /* AFHTTPRequestOperation.h */,
				9EA44A9E1E2E11CD00F7761D /* AFHTTPRequestOperation.m */,
				9EA44A9F1E2E11CD00F7761D /* AFHTTPRequestOperationManager.h */,
				9EA44AA01E2E11CD00F7761D /* AFHTTPRequestOperationManager.m */,
				9EA44AA11E2E11CD00F7761D /* AFHTTPSessionManager.h */,
				9EA44AA21E2E11CD00F7761D /* AFHTTPSessionManager.m */,
				9EA44AA31E2E11CD00F7761D /* AFNetworking.h */,
				9EA44AA41E2E11CD00F7761D /* AFNetworkReachabilityManager.h */,
				9EA44AA51E2E11CD00F7761D /* AFNetworkReachabilityManager.m */,
				9EA44AA61E2E11CD00F7761D /* AFSecurityPolicy.h */,
				9EA44AA71E2E11CD00F7761D /* AFSecurityPolicy.m */,
				9EA44AA81E2E11CD00F7761D /* AFURLConnectionOperation.h */,
				9EA44AA91E2E11CD00F7761D /* AFURLConnectionOperation.m */,
				9EA44AAA1E2E11CD00F7761D /* AFURLRequestSerialization.h */,
				9EA44AAB1E2E11CD00F7761D /* AFURLRequestSerialization.m */,
				9EA44AAC1E2E11CD00F7761D /* AFURLResponseSerialization.h */,
				9EA44AAD1E2E11CD00F7761D /* AFURLResponseSerialization.m */,
				9EA44AAE1E2E11CD00F7761D /* AFURLSessionManager.h */,
				9EA44AAF1E2E11CD00F7761D /* AFURLSessionManager.m */,
			);
			path = AFNetworking;
			sourceTree = "<group>";
		};
		9EA44ABF1E2E24BC00F7761D /* weather */ = {
			isa = PBXGroup;
			children = (
				9EA44AC01E2E24BC00F7761D /* 0.png */,
				9EA44AC11E2E24BC00F7761D /* 1.png */,
				9EA44AC21E2E24BC00F7761D /* 10.png */,
				9EA44AC31E2E24BC00F7761D /* 11.png */,
				9EA44AC41E2E24BC00F7761D /* 12.png */,
				9EA44AC51E2E24BC00F7761D /* 13.png */,
				9EA44AC61E2E24BC00F7761D /* 14.png */,
				9EA44AC71E2E24BC00F7761D /* 15.png */,
				9EA44AC81E2E24BC00F7761D /* 16.png */,
				9EA44AC91E2E24BC00F7761D /* 17.png */,
				9EA44ACA1E2E24BC00F7761D /* 18.png */,
				9EA44ACB1E2E24BC00F7761D /* 19.png */,
				9EA44ACC1E2E24BC00F7761D /* 2.png */,
				9EA44ACD1E2E24BC00F7761D /* 20.png */,
				9EA44ACE1E2E24BC00F7761D /* 21.png */,
				9EA44ACF1E2E24BC00F7761D /* 22.png */,
				9EA44AD01E2E24BC00F7761D /* 23.png */,
				9EA44AD11E2E24BC00F7761D /* 24.png */,
				9EA44AD21E2E24BC00F7761D /* 25.png */,
				9EA44AD31E2E24BC00F7761D /* 26.png */,
				9EA44AD41E2E24BC00F7761D /* 27.png */,
				9EA44AD51E2E24BC00F7761D /* 28.png */,
				9EA44AD61E2E24BC00F7761D /* 29.png */,
				9EA44AD71E2E24BC00F7761D /* 3.png */,
				9EA44AD81E2E24BC00F7761D /* 30.png */,
				9EA44AD91E2E24BC00F7761D /* 31.png */,
				9EA44ADA1E2E24BC00F7761D /* 32.png */,
				9EA44ADB1E2E24BC00F7761D /* 33.png */,
				9EA44ADC1E2E24BC00F7761D /* 34.png */,
				9EA44ADD1E2E24BC00F7761D /* 35.png */,
				9EA44ADE1E2E24BC00F7761D /* 36.png */,
				9EA44ADF1E2E24BC00F7761D /* 37.png */,
				9EA44AE01E2E24BC00F7761D /* 38.png */,
				9EA44AE11E2E24BC00F7761D /* 4.png */,
				9EA44AE21E2E24BC00F7761D /* 5.png */,
				9EA44AE31E2E24BC00F7761D /* 6.png */,
				9EA44AE41E2E24BC00F7761D /* 7.png */,
				9EA44AE51E2E24BC00F7761D /* 8.png */,
				9EA44AE61E2E24BC00F7761D /* 9.png */,
				9EA44AE71E2E24BC00F7761D /* 99.png */,
			);
			path = weather;
			sourceTree = "<group>";
		};
		9EA44B1C1E2E6FBD00F7761D /* Controller */ = {
			isa = PBXGroup;
			children = (
				9EA44B1D1E2E6FBD00F7761D /* CYCLeftController.h */,
				9EA44B1E1E2E6FBD00F7761D /* CYCLeftController.m */,
				9EA44B281E2E708300F7761D /* WeatherController.h */,
				9EA44B291E2E708300F7761D /* WeatherController.m */,
			);
			path = Controller;
			sourceTree = "<group>";
		};
		9EA44B1F1E2E6FBD00F7761D /* Model */ = {
			isa = PBXGroup;
			children = (
				9EA44B201E2E6FBD00F7761D /* WeatherModel.h */,
				9EA44B211E2E6FBD00F7761D /* WeatherModel.m */,
			);
			path = Model;
			sourceTree = "<group>";
		};
		9EA44B221E2E6FBD00F7761D /* View */ = {
			isa = PBXGroup;
			children = (
				9EA44B231E2E6FBD00F7761D /* CLeftCtrlCell.h */,
				9EA44B241E2E6FBD00F7761D /* CLeftCtrlCell.m */,
			);
			path = View;
			sourceTree = "<group>";
		};
		9EA44B2B1E2E758900F7761D /* MBProgressHUD */ = {
			isa = PBXGroup;
			children = (
				9EA44B2C1E2E758900F7761D /* 37x-Checkmark.png */,
				9EA44B2D1E2E758900F7761D /* 37x-Checkmark@2x.png */,
				9EA44B2E1E2E758900F7761D /* MBProgressHUD.h */,
				9EA44B2F1E2E758900F7761D /* MBProgressHUD.m */,
			);
			path = MBProgressHUD;
			sourceTree = "<group>";
		};
		9EF53CD71E2BBE4F00F55033 /* Third */ = {
			isa = PBXGroup;
			children = (
				9EA44B2B1E2E758900F7761D /* MBProgressHUD */,
				9EA44A9C1E2E11CD00F7761D /* AFNetworking */,
				9EF53CD81E2BBE6500F55033 /* MMDrawerController */,
			);
			path = Third;
			sourceTree = "<group>";
		};
		9EF53CD81E2BBE6500F55033 /* MMDrawerController */ = {
			isa = PBXGroup;
			children = (
				9EF53CD91E2BBE6500F55033 /* MMDrawerBarButtonItem.h */,
				9EF53CDA1E2BBE6500F55033 /* MMDrawerBarButtonItem.m */,
				9EF53CDB1E2BBE6500F55033 /* MMDrawerController+Subclass.h */,
				9EF53CDC1E2BBE6500F55033 /* MMDrawerController.h */,
				9EF53CDD1E2BBE6500F55033 /* MMDrawerController.m */,
				9EF53CDE1E2BBE6500F55033 /* MMDrawerVisualState.h */,
				9EF53CDF1E2BBE6500F55033 /* MMDrawerVisualState.m */,
				9EF53CE01E2BBE6500F55033 /* UIViewController+MMDrawerController.h */,
				9EF53CE11E2BBE6500F55033 /* UIViewController+MMDrawerController.m */,
			);
			path = MMDrawerController;
			sourceTree = "<group>";
		};
		9EF53CE91E2BCB2500F55033 /* LeftControllerImage */ = {
			isa = PBXGroup;
			children = (
				9EA44ABF1E2E24BC00F7761D /* weather */,
				9EF9EBFF1E2C7A040030023B /* icon_leftController_day.png */,
				9EF9EC001E2C7A040030023B /* icon_leftController_day@2x.png */,
				9EF9EC011E2C7A040030023B /* icon_leftController_day@3x.png */,
				9EF9EC021E2C7A040030023B /* icon_leftController_night.png */,
				9EF9EC031E2C7A040030023B /* icon_leftController_night@2x.png */,
				9EF9EC041E2C7A040030023B /* icon_leftController_night@3x.png */,
				9EF53CFC1E2BDE2000F55033 /* icon_leftCtrl_feedBack.png */,
				9EF53CFD1E2BDE2000F55033 /* icon_leftCtrl_feedBack@2x.png */,
				9EF53CFE1E2BDE2000F55033 /* icon_leftCtrl_feedBack@3x.png */,
				9EF53CFF1E2BDE2000F55033 /* icon_leftCtrl_function.png */,
				9EF53D001E2BDE2000F55033 /* icon_leftCtrl_function@2x.png */,
				9EF53D011E2BDE2000F55033 /* icon_leftCtrl_function@3x.png */,
				9EF53D021E2BDE2000F55033 /* icon_leftCtrl_Third.png */,
				9EF53D031E2BDE2000F55033 /* icon_leftCtrl_Third@2x.png */,
				9EF53D041E2BDE2000F55033 /* icon_leftCtrl_Third@3x.png */,
				9EF53D051E2BDE2000F55033 /* icon_leftCtrl_user.png */,
				9EF53D061E2BDE2000F55033 /* icon_leftCtrl_user@2x.png */,
				9EF53D071E2BDE2000F55033 /* icon_leftCtrl_user@3x.png */,
				9EF53CF61E2BD2E300F55033 /* image_leftControllerHeadImage@2x.png */,
				9EF53CF71E2BD2E300F55033 /* image_leftControllerHeadImage@3x.png */,
			);
			path = LeftControllerImage;
			sourceTree = "<group>";
		};
		9EF9EC0B1E2C81100030023B /* Left */ = {
			isa = PBXGroup;
			children = (
				9EA44B1C1E2E6FBD00F7761D /* Controller */,
				9EA44B1F1E2E6FBD00F7761D /* Model */,
				9EA44B221E2E6FBD00F7761D /* View */,
			);
			path = Left;
			sourceTree = "<group>";
		};
/* End PBXGroup section */

/* Begin PBXNativeTarget section */
		9E1389B31E2B08390011701B /* LittleAppOC */ = {
			isa = PBXNativeTarget;
			buildConfigurationList = 9E1389CB1E2B08390011701B /* Build configuration list for PBXNativeTarget "LittleAppOC" */;
			buildPhases = (
				9E1389B01E2B08390011701B /* Sources */,
				9E1389B11E2B08390011701B /* Frameworks */,
				9E1389B21E2B08390011701B /* Resources */,
			);
			buildRules = (
			);
			dependencies = (
			);
			name = LittleAppOC;
			productName = LittleAppOC;
			productReference = 9E1389B41E2B08390011701B /* LittleAppOC.app */;
			productType = "com.apple.product-type.application";
		};
/* End PBXNativeTarget section */

/* Begin PBXProject section */
		9E1389AC1E2B08390011701B /* Project object */ = {
			isa = PBXProject;
			attributes = {
				LastUpgradeCheck = 0820;
				ORGANIZATIONNAME = CYC;
				TargetAttributes = {
					9E1389B31E2B08390011701B = {
						CreatedOnToolsVersion = 8.2;
						DevelopmentTeam = V298BW98S4;
						ProvisioningStyle = Automatic;
					};
				};
			};
			buildConfigurationList = 9E1389AF1E2B08390011701B /* Build configuration list for PBXProject "LittleAppOC" */;
			compatibilityVersion = "Xcode 3.2";
			developmentRegion = English;
			hasScannedForEncodings = 0;
			knownRegions = (
				en,
				Base,
			);
			mainGroup = 9E1389AB1E2B08390011701B;
			productRefGroup = 9E1389B51E2B08390011701B /* Products */;
			projectDirPath = "";
			projectRoot = "";
			targets = (
				9E1389B31E2B08390011701B /* LittleAppOC */,
			);
		};
/* End PBXProject section */

/* Begin PBXResourcesBuildPhase section */
		9E1389B21E2B08390011701B /* Resources */ = {
			isa = PBXResourcesBuildPhase;
			buildActionMask = 2147483647;
			files = (
				9EA44AEC1E2E24BC00F7761D /* 12.png in Resources */,
				9EF9EC161E2C8A8E0030023B /* icon_tab_zoner.png in Resources */,
				9EA44B301E2E758900F7761D /* 37x-Checkmark.png in Resources */,
				9EA44A921E2DF3FF00F7761D /* home_tab_icon_3.png in Resources */,
				9EF9EC171E2C8A8E0030023B /* icon_tab_zoner@2x.png in Resources */,
				9EA44A961E2DF3FF00F7761D /* home_tab_icon_5.png in Resources */,
				9EA44B011E2E24BD00F7761D /* 31.png in Resources */,
				9EA44AED1E2E24BC00F7761D /* 13.png in Resources */,
				9EF9EC181E2C8A8E0030023B /* icon_tab_zoner@3x.png in Resources */,
				9EF9EC101E2C89D30030023B /* icon_leftController_day.png in Resources */,
				9EA44A8E1E2DF3FF00F7761D /* home_tab_icon_1.png in Resources */,
				9EF9EC111E2C89D30030023B /* icon_leftController_day@2x.png in Resources */,
				9EA44A901E2DF3FF00F7761D /* home_tab_icon_2.png in Resources */,
				9EA44AFC1E2E24BC00F7761D /* 27.png in Resources */,
				9EF9EC121E2C89D30030023B /* icon_leftController_day@3x.png in Resources */,
				9EF9EC131E2C89D30030023B /* icon_leftController_night.png in Resources */,
				9EA44AFA1E2E24BC00F7761D /* 25.png in Resources */,
				9EF9EC141E2C89D30030023B /* icon_leftController_night@2x.png in Resources */,
				9EF9EC151E2C89D30030023B /* icon_leftController_night@3x.png in Resources */,
				9EA44AF11E2E24BC00F7761D /* 17.png in Resources */,
				9EA44A911E2DF3FF00F7761D /* home_tab_icon_2@2x.png in Resources */,
				9E138A2F1E2B375E0011701B /* Icon-60.png in Resources */,
				9EA44B0A1E2E24BD00F7761D /* 5.png in Resources */,
				9EA44AF01E2E24BC00F7761D /* 16.png in Resources */,
				9E138A371E2B375E0011701B /* Icon-Spotlight-40@3x.png in Resources */,
				9EA44AF61E2E24BC00F7761D /* 21.png in Resources */,
				9EA44A8F1E2DF3FF00F7761D /* home_tab_icon_1@2x.png in Resources */,
				9EA44AEF1E2E24BC00F7761D /* 15.png in Resources */,
				9EF53D091E2BDE2000F55033 /* icon_leftCtrl_feedBack@2x.png in Resources */,
				9EA44B311E2E758900F7761D /* 37x-Checkmark@2x.png in Resources */,
				9E138A191E2B1DDF0011701B /* icon_tab_homer@2x.png in Resources */,
				9EA44AE81E2E24BC00F7761D /* 0.png in Resources */,
				9EA44AF81E2E24BC00F7761D /* 23.png in Resources */,
				9EF53CF81E2BD2E300F55033 /* image_leftControllerHeadImage@2x.png in Resources */,
				9E138A1C1E2B1DDF0011701B /* icon_tab_settinger@2x.png in Resources */,
				9E138A361E2B375E0011701B /* Icon-Spotlight-40@2x.png in Resources */,
				9EA44A9B1E2DF67200F7761D /* home_bottom_tab_arrow@2x.png in Resources */,
				9EA44AFD1E2E24BC00F7761D /* 28.png in Resources */,
				9EA44B051E2E24BD00F7761D /* 35.png in Resources */,
				9E138A131E2B1DDF0011701B /* icon_tab_discover@2x.png in Resources */,
				9EF53CF91E2BD2E300F55033 /* image_leftControllerHeadImage@3x.png in Resources */,
				9EA44B081E2E24BD00F7761D /* 38.png in Resources */,
				9EA44AF51E2E24BC00F7761D /* 20.png in Resources */,
				9EF53D0C1E2BDE2000F55033 /* icon_leftCtrl_function@2x.png in Resources */,
				9EA44AEB1E2E24BC00F7761D /* 11.png in Resources */,
				9E1389C71E2B08390011701B /* LaunchScreen.storyboard in Resources */,
				9EF53D0D1E2BDE2000F55033 /* icon_leftCtrl_function@3x.png in Resources */,
				9E138A341E2B375E0011701B /* Icon-Small@3x.png in Resources */,
				9E138A181E2B1DDF0011701B /* icon_tab_homer.png in Resources */,
				9E138A1A1E2B1DDF0011701B /* icon_tab_homer@3x.png in Resources */,
				9EA44B0D1E2E24BD00F7761D /* 8.png in Resources */,
				9EF53D101E2BDE2000F55033 /* icon_leftCtrl_Third@3x.png in Resources */,
				9EA44B071E2E24BD00F7761D /* 37.png in Resources */,
				9E138A1B1E2B1DDF0011701B /* icon_tab_settinger.png in Resources */,
				9EA44B031E2E24BD00F7761D /* 33.png in Resources */,
				9EF53D0A1E2BDE2000F55033 /* icon_leftCtrl_feedBack@3x.png in Resources */,
				9E138A1D1E2B1DDF0011701B /* icon_tab_settinger@3x.png in Resources */,
				9EA44A971E2DF3FF00F7761D /* home_tab_icon_5@2x.png in Resources */,
				9E138A301E2B375E0011701B /* Icon-60@2x.png in Resources */,
				9EA44B001E2E24BC00F7761D /* 30.png in Resources */,
				9EA44AEE1E2E24BC00F7761D /* 14.png in Resources */,
				9EA44B021E2E24BD00F7761D /* 32.png in Resources */,
				9EF53D0F1E2BDE2000F55033 /* icon_leftCtrl_Third@2x.png in Resources */,
				9EA44A941E2DF3FF00F7761D /* home_tab_icon_4.png in Resources */,
				9EA44B091E2E24BD00F7761D /* 4.png in Resources */,
				9EF53D121E2BDE2000F55033 /* icon_leftCtrl_user@2x.png in Resources */,
				9E138A321E2B375E0011701B /* Icon-Small.png in Resources */,
				9E138A331E2B375E0011701B /* Icon-Small@2x.png in Resources */,
				9EA44B0E1E2E24BD00F7761D /* 9.png in Resources */,
				9EA44B041E2E24BD00F7761D /* 34.png in Resources */,
				9E138A151E2B1DDF0011701B /* icon_tab_gamer.png in Resources */,
				9EF53D081E2BDE2000F55033 /* icon_leftCtrl_feedBack.png in Resources */,
				9E138A121E2B1DDF0011701B /* icon_tab_discover.png in Resources */,
				9EA44B061E2E24BD00F7761D /* 36.png in Resources */,
				9EF9EC201E2CD01A0030023B /* icon_tab_Bar@3x.png in Resources */,
				9EF53D131E2BDE2000F55033 /* icon_leftCtrl_user@3x.png in Resources */,
				9EA44AF41E2E24BC00F7761D /* 2.png in Resources */,
				9EA44B0F1E2E24BD00F7761D /* 99.png in Resources */,
				9EF9EC1F1E2CD01A0030023B /* icon_tab_Bar@2x.png in Resources */,
				9EA44A951E2DF3FF00F7761D /* home_tab_icon_4@2x.png in Resources */,
				9EA44AEA1E2E24BC00F7761D /* 10.png in Resources */,
				9EA44AF71E2E24BC00F7761D /* 22.png in Resources */,
				9E138A171E2B1DDF0011701B /* icon_tab_gamer@3x.png in Resources */,
				9EA44B0B1E2E24BD00F7761D /* 6.png in Resources */,
				9EA44B0C1E2E24BD00F7761D /* 7.png in Resources */,
				9EA44AFE1E2E24BC00F7761D /* 29.png in Resources */,
				9EA44AFB1E2E24BC00F7761D /* 26.png in Resources */,
				9EA44AF31E2E24BC00F7761D /* 19.png in Resources */,
				9EA44AF91E2E24BC00F7761D /* 24.png in Resources */,
				9E138A161E2B1DDF0011701B /* icon_tab_gamer@2x.png in Resources */,
				9EF53D0E1E2BDE2000F55033 /* icon_leftCtrl_Third.png in Resources */,
				9EF53D0B1E2BDE2000F55033 /* icon_leftCtrl_function.png in Resources */,
				9E138A351E2B375E0011701B /* Icon-Spotlight-40.png in Resources */,
				9EA44AFF1E2E24BC00F7761D /* 3.png in Resources */,
				9E1389C41E2B08390011701B /* Assets.xcassets in Resources */,
				9EA44A931E2DF3FF00F7761D /* home_tab_icon_3@2x.png in Resources */,
				9E138A311E2B375E0011701B /* Icon-60@3x.png in Resources */,
				9EA44A9A1E2DF67200F7761D /* home_bottom_tab_arrow.png in Resources */,
				9E138A141E2B1DDF0011701B /* icon_tab_discover@3x.png in Resources */,
				9EF53D111E2BDE2000F55033 /* icon_leftCtrl_user.png in Resources */,
				9EA44AF21E2E24BC00F7761D /* 18.png in Resources */,
				9EA44AE91E2E24BC00F7761D /* 1.png in Resources */,
			);
			runOnlyForDeploymentPostprocessing = 0;
		};
/* End PBXResourcesBuildPhase section */

/* Begin PBXSourcesBuildPhase section */
		9E1389B01E2B08390011701B /* Sources */ = {
			isa = PBXSourcesBuildPhase;
			buildActionMask = 2147483647;
			files = (
				9E1389F41E2B11D00011701B /* GamerController.m in Sources */,
				9EA44B121E2E39E900F7761D /* ThemeManager.m in Sources */,
				9EA44B251E2E6FBD00F7761D /* CYCLeftController.m in Sources */,
				9EA44B261E2E6FBD00F7761D /* WeatherModel.m in Sources */,
				9EA44AB11E2E11CD00F7761D /* AFHTTPRequestOperationManager.m in Sources */,
				9EA44ABB1E2E121300F7761D /* CNetWorking.m in Sources */,
				9E138A001E2B120E0011701B /* SettingerController.m in Sources */,
				9EA44B321E2E758900F7761D /* MBProgressHUD.m in Sources */,
				9EA44AB51E2E11CD00F7761D /* AFURLConnectionOperation.m in Sources */,
				9EF53CE41E2BBE6500F55033 /* MMDrawerVisualState.m in Sources */,
				9EF53CE51E2BBE6500F55033 /* UIViewController+MMDrawerController.m in Sources */,
				9EA44AB61E2E11CD00F7761D /* AFURLRequestSerialization.m in Sources */,
				9EA44B181E2E426B00F7761D /* CThemeButton.m in Sources */,
				9E1389F71E2B11E00011701B /* ZonerController.m in Sources */,
				9EA44AB21E2E11CD00F7761D /* AFHTTPSessionManager.m in Sources */,
				9EA44AB01E2E11CD00F7761D /* AFHTTPRequestOperation.m in Sources */,
				9E1389DD1E2B101F0011701B /* CYCTabBarController.m in Sources */,
				9EA44AB41E2E11CD00F7761D /* AFSecurityPolicy.m in Sources */,
				9EF53CE21E2BBE6500F55033 /* MMDrawerBarButtonItem.m in Sources */,
				9EA44AB31E2E11CD00F7761D /* AFNetworkReachabilityManager.m in Sources */,
				9EA44AB81E2E11CD00F7761D /* AFURLSessionManager.m in Sources */,
				9EA44B151E2E425A00F7761D /* CThemeLabel.m in Sources */,
				9E1389FD1E2B12000011701B /* DiscoverController.m in Sources */,
				9EA44B2A1E2E708300F7761D /* WeatherController.m in Sources */,
				9EF53CE31E2BBE6500F55033 /* MMDrawerController.m in Sources */,
				9E1389DA1E2B0EB00011701B /* CYCAppDelegate.m in Sources */,
				9E1389B91E2B08390011701B /* main.m in Sources */,
				9EA44B271E2E6FBD00F7761D /* CLeftCtrlCell.m in Sources */,
				9EA44AB71E2E11CD00F7761D /* AFURLResponseSerialization.m in Sources */,
				9E1389FA1E2B11F10011701B /* HomerController.m in Sources */,
			);
			runOnlyForDeploymentPostprocessing = 0;
		};
/* End PBXSourcesBuildPhase section */

/* Begin PBXVariantGroup section */
		9E1389C51E2B08390011701B /* LaunchScreen.storyboard */ = {
			isa = PBXVariantGroup;
			children = (
				9E1389C61E2B08390011701B /* Base */,
			);
			name = LaunchScreen.storyboard;
			sourceTree = "<group>";
		};
/* End PBXVariantGroup section */

/* Begin XCBuildConfiguration section */
		9E1389C91E2B08390011701B /* Debug */ = {
			isa = XCBuildConfiguration;
			buildSettings = {
				ALWAYS_SEARCH_USER_PATHS = NO;
				CLANG_ANALYZER_NONNULL = YES;
				CLANG_CXX_LANGUAGE_STANDARD = "gnu++0x";
				CLANG_CXX_LIBRARY = "libc++";
				CLANG_ENABLE_MODULES = YES;
				CLANG_ENABLE_OBJC_ARC = YES;
				CLANG_WARN_BOOL_CONVERSION = YES;
				CLANG_WARN_CONSTANT_CONVERSION = YES;
				CLANG_WARN_DIRECT_OBJC_ISA_USAGE = YES_ERROR;
				CLANG_WARN_DOCUMENTATION_COMMENTS = YES;
				CLANG_WARN_EMPTY_BODY = YES;
				CLANG_WARN_ENUM_CONVERSION = YES;
				CLANG_WARN_INFINITE_RECURSION = YES;
				CLANG_WARN_INT_CONVERSION = YES;
				CLANG_WARN_OBJC_ROOT_CLASS = YES_ERROR;
				CLANG_WARN_SUSPICIOUS_MOVE = YES;
				CLANG_WARN_UNREACHABLE_CODE = YES;
				CLANG_WARN__DUPLICATE_METHOD_MATCH = YES;
				"CODE_SIGN_IDENTITY[sdk=iphoneos*]" = "iPhone Developer";
				COPY_PHASE_STRIP = NO;
				DEBUG_INFORMATION_FORMAT = dwarf;
				ENABLE_STRICT_OBJC_MSGSEND = YES;
				ENABLE_TESTABILITY = YES;
				GCC_C_LANGUAGE_STANDARD = gnu99;
				GCC_DYNAMIC_NO_PIC = NO;
				GCC_NO_COMMON_BLOCKS = YES;
				GCC_OPTIMIZATION_LEVEL = 0;
				GCC_PREPROCESSOR_DEFINITIONS = (
					"DEBUG=1",
					"$(inherited)",
				);
				GCC_WARN_64_TO_32_BIT_CONVERSION = YES;
				GCC_WARN_ABOUT_RETURN_TYPE = YES_ERROR;
				GCC_WARN_UNDECLARED_SELECTOR = YES;
				GCC_WARN_UNINITIALIZED_AUTOS = YES_AGGRESSIVE;
				GCC_WARN_UNUSED_FUNCTION = YES;
				GCC_WARN_UNUSED_VARIABLE = YES;
				IPHONEOS_DEPLOYMENT_TARGET = 10.2;
				MTL_ENABLE_DEBUG_INFO = YES;
				ONLY_ACTIVE_ARCH = YES;
				SDKROOT = iphoneos;
			};
			name = Debug;
		};
		9E1389CA1E2B08390011701B /* Release */ = {
			isa = XCBuildConfiguration;
			buildSettings = {
				ALWAYS_SEARCH_USER_PATHS = NO;
				CLANG_ANALYZER_NONNULL = YES;
				CLANG_CXX_LANGUAGE_STANDARD = "gnu++0x";
				CLANG_CXX_LIBRARY = "libc++";
				CLANG_ENABLE_MODULES = YES;
				CLANG_ENABLE_OBJC_ARC = YES;
				CLANG_WARN_BOOL_CONVERSION = YES;
				CLANG_WARN_CONSTANT_CONVERSION = YES;
				CLANG_WARN_DIRECT_OBJC_ISA_USAGE = YES_ERROR;
				CLANG_WARN_DOCUMENTATION_COMMENTS = YES;
				CLANG_WARN_EMPTY_BODY = YES;
				CLANG_WARN_ENUM_CONVERSION = YES;
				CLANG_WARN_INFINITE_RECURSION = YES;
				CLANG_WARN_INT_CONVERSION = YES;
				CLANG_WARN_OBJC_ROOT_CLASS = YES_ERROR;
				CLANG_WARN_SUSPICIOUS_MOVE = YES;
				CLANG_WARN_UNREACHABLE_CODE = YES;
				CLANG_WARN__DUPLICATE_METHOD_MATCH = YES;
				"CODE_SIGN_IDENTITY[sdk=iphoneos*]" = "iPhone Developer";
				COPY_PHASE_STRIP = NO;
				DEBUG_INFORMATION_FORMAT = "dwarf-with-dsym";
				ENABLE_NS_ASSERTIONS = NO;
				ENABLE_STRICT_OBJC_MSGSEND = YES;
				GCC_C_LANGUAGE_STANDARD = gnu99;
				GCC_NO_COMMON_BLOCKS = YES;
				GCC_WARN_64_TO_32_BIT_CONVERSION = YES;
				GCC_WARN_ABOUT_RETURN_TYPE = YES_ERROR;
				GCC_WARN_UNDECLARED_SELECTOR = YES;
				GCC_WARN_UNINITIALIZED_AUTOS = YES_AGGRESSIVE;
				GCC_WARN_UNUSED_FUNCTION = YES;
				GCC_WARN_UNUSED_VARIABLE = YES;
				IPHONEOS_DEPLOYMENT_TARGET = 10.2;
				MTL_ENABLE_DEBUG_INFO = NO;
				SDKROOT = iphoneos;
				VALIDATE_PRODUCT = YES;
			};
			name = Release;
		};
		9E1389CC1E2B08390011701B /* Debug */ = {
			isa = XCBuildConfiguration;
			buildSettings = {
				ASSETCATALOG_COMPILER_APPICON_NAME = AppIcon;
				DEVELOPMENT_TEAM = V298BW98S4;
				GCC_PREFIX_HEADER = "/Users/mac/39-LittleApp/LittleAppOC/LittleAppOC/Home/Tool/CYCLittleAppHeader.pch";
				INFOPLIST_FILE = LittleAppOC/Info.plist;
				IPHONEOS_DEPLOYMENT_TARGET = 8.0;
				LD_RUNPATH_SEARCH_PATHS = "$(inherited) @executable_path/Frameworks";
				PRODUCT_BUNDLE_IDENTIFIER = com.CYC.LittleAppOC;
				PRODUCT_NAME = "$(TARGET_NAME)";
			};
			name = Debug;
		};
		9E1389CD1E2B08390011701B /* Release */ = {
			isa = XCBuildConfiguration;
			buildSettings = {
				ASSETCATALOG_COMPILER_APPICON_NAME = AppIcon;
				DEVELOPMENT_TEAM = V298BW98S4;
				GCC_PREFIX_HEADER = "/Users/mac/39-LittleApp/LittleAppOC/LittleAppOC/Home/Tool/CYCLittleAppHeader.pch";
				INFOPLIST_FILE = LittleAppOC/Info.plist;
				IPHONEOS_DEPLOYMENT_TARGET = 8.0;
				LD_RUNPATH_SEARCH_PATHS = "$(inherited) @executable_path/Frameworks";
				PRODUCT_BUNDLE_IDENTIFIER = com.CYC.LittleAppOC;
				PRODUCT_NAME = "$(TARGET_NAME)";
			};
			name = Release;
		};
/* End XCBuildConfiguration section */

/* Begin XCConfigurationList section */
		9E1389AF1E2B08390011701B /* Build configuration list for PBXProject "LittleAppOC" */ = {
			isa = XCConfigurationList;
			buildConfigurations = (
				9E1389C91E2B08390011701B /* Debug */,
				9E1389CA1E2B08390011701B /* Release */,
			);
			defaultConfigurationIsVisible = 0;
			defaultConfigurationName = Release;
		};
		9E1389CB1E2B08390011701B /* Build configuration list for PBXNativeTarget "LittleAppOC" */ = {
			isa = XCConfigurationList;
			buildConfigurations = (
				9E1389CC1E2B08390011701B /* Debug */,
				9E1389CD1E2B08390011701B /* Release */,
			);
			defaultConfigurationIsVisible = 0;
			defaultConfigurationName = Release;
		};
/* End XCConfigurationList section */
	};
	rootObject = 9E1389AC1E2B08390011701B /* Project object */;
}
